// !$*UTF8*$!
{
	archiveVersion = 1;
	classes = {
	};
	objectVersion = 46;
	objects = {

/* Begin PBXBuildFile section */
		71008D511ACF8918009B3444 /* FittedLabelNode.swift in Sources */ = {isa = PBXBuildFile; fileRef = 71008D501ACF8918009B3444 /* FittedLabelNode.swift */; };
		71008D581ACF97F1009B3444 /* GoalEmitter.sks in Resources */ = {isa = PBXBuildFile; fileRef = 71008D561ACF97F1009B3444 /* GoalEmitter.sks */; };
		71008D591ACF97F1009B3444 /* spark.png in Resources */ = {isa = PBXBuildFile; fileRef = 71008D571ACF97F1009B3444 /* spark.png */; };
		71008D5D1AD04F56009B3444 /* bokeh.png in Resources */ = {isa = PBXBuildFile; fileRef = 71008D5B1AD04F56009B3444 /* bokeh.png */; };
		71008D631AD04FB2009B3444 /* Spark.sks in Resources */ = {isa = PBXBuildFile; fileRef = 71008D621AD04FB2009B3444 /* Spark.sks */; };
		710435B11AC7103B003E9458 /* Table.swift in Sources */ = {isa = PBXBuildFile; fileRef = 710435B01AC7103B003E9458 /* Table.swift */; };
		710435B61AC74BB9003E9458 /* InputManager.swift in Sources */ = {isa = PBXBuildFile; fileRef = 710435B51AC74BB9003E9458 /* InputManager.swift */; };
		7107A29B1AC398B600706EC8 /* AppDelegate.swift in Sources */ = {isa = PBXBuildFile; fileRef = 7107A29A1AC398B600706EC8 /* AppDelegate.swift */; };
		7107A29F1AC398B600706EC8 /* GameScene.swift in Sources */ = {isa = PBXBuildFile; fileRef = 7107A29E1AC398B600706EC8 /* GameScene.swift */; };
		7107A2A11AC398B600706EC8 /* GameViewController.swift in Sources */ = {isa = PBXBuildFile; fileRef = 7107A2A01AC398B600706EC8 /* GameViewController.swift */; };
		7107A2A41AC398B600706EC8 /* Main.storyboard in Resources */ = {isa = PBXBuildFile; fileRef = 7107A2A21AC398B600706EC8 /* Main.storyboard */; };
		7107A2A61AC398B600706EC8 /* Images.xcassets in Resources */ = {isa = PBXBuildFile; fileRef = 7107A2A51AC398B600706EC8 /* Images.xcassets */; };
		7107A2A91AC398B600706EC8 /* LaunchScreen.xib in Resources */ = {isa = PBXBuildFile; fileRef = 7107A2A71AC398B600706EC8 /* LaunchScreen.xib */; };
		7107A2B51AC398B600706EC8 /* AirHockeyProjectTests.swift in Sources */ = {isa = PBXBuildFile; fileRef = 7107A2B41AC398B600706EC8 /* AirHockeyProjectTests.swift */; };
		7107A2C61AC398D600706EC8 /* DatabaseManager.swift in Sources */ = {isa = PBXBuildFile; fileRef = 7107A2C11AC398D600706EC8 /* DatabaseManager.swift */; };
		7107A2C71AC398D600706EC8 /* SettingsProfile.swift in Sources */ = {isa = PBXBuildFile; fileRef = 7107A2C31AC398D600706EC8 /* SettingsProfile.swift */; };
		7107A2C81AC398D600706EC8 /* Stats.swift in Sources */ = {isa = PBXBuildFile; fileRef = 7107A2C41AC398D600706EC8 /* Stats.swift */; };
		7107A2C91AC398D600706EC8 /* User.swift in Sources */ = {isa = PBXBuildFile; fileRef = 7107A2C51AC398D600706EC8 /* User.swift */; };
		7107A2CD1AC398E300706EC8 /* airhockey.sqlite3 in Resources */ = {isa = PBXBuildFile; fileRef = 7107A2CB1AC398E300706EC8 /* airhockey.sqlite3 */; };
		7107A2CE1AC398E300706EC8 /* airhockeySchema.sql in Resources */ = {isa = PBXBuildFile; fileRef = 7107A2CC1AC398E300706EC8 /* airhockeySchema.sql */; };
		7107A2EA1AC39F2E00706EC8 /* Users.swift in Sources */ = {isa = PBXBuildFile; fileRef = 7107A2E91AC39F2E00706EC8 /* Users.swift */; };
		7107A2ED1AC3A12A00706EC8 /* Util.swift in Sources */ = {isa = PBXBuildFile; fileRef = 7107A2EC1AC3A12A00706EC8 /* Util.swift */; };
		7115A5711ACB81DD0057A8B8 /* GameTimer.swift in Sources */ = {isa = PBXBuildFile; fileRef = 7115A56F1ACB81DD0057A8B8 /* GameTimer.swift */; };
		7115A5721ACB81DD0057A8B8 /* Geometry.swift in Sources */ = {isa = PBXBuildFile; fileRef = 7115A5701ACB81DD0057A8B8 /* Geometry.swift */; };
		7115A5741ACB81F10057A8B8 /* GameUtil.swift in Sources */ = {isa = PBXBuildFile; fileRef = 7115A5731ACB81F10057A8B8 /* GameUtil.swift */; };
		7115A5761ACB88650057A8B8 /* Goal.swift in Sources */ = {isa = PBXBuildFile; fileRef = 7115A5751ACB88650057A8B8 /* Goal.swift */; };
		7119B4B91AD1063C002CA09B /* spacePaddle.png in Resources */ = {isa = PBXBuildFile; fileRef = 7119B4B51AD1063C002CA09B /* spacePaddle.png */; };
		7119B4BA1AD1063C002CA09B /* spacePuck.png in Resources */ = {isa = PBXBuildFile; fileRef = 7119B4B61AD1063C002CA09B /* spacePuck.png */; };
		7119B4BB1AD1063C002CA09B /* spaceTable.png in Resources */ = {isa = PBXBuildFile; fileRef = 7119B4B71AD1063C002CA09B /* spaceTable.png */; };
		7119B4BE1AD22257002CA09B /* BoardSelectionViewController.swift in Sources */ = {isa = PBXBuildFile; fileRef = 7119B4BD1AD22257002CA09B /* BoardSelectionViewController.swift */; };
		7119B4C01AD222F7002CA09B /* Themes.swift in Sources */ = {isa = PBXBuildFile; fileRef = 7119B4BF1AD222F7002CA09B /* Themes.swift */; };
		7119B4C21AD228D6002CA09B /* themeconfig.xml in Resources */ = {isa = PBXBuildFile; fileRef = 7119B4C11AD228D6002CA09B /* themeconfig.xml */; };
		7119B4CA1AD234A6002CA09B /* ThemeView.swift in Sources */ = {isa = PBXBuildFile; fileRef = 7119B4C91AD234A6002CA09B /* ThemeView.swift */; };
		7119B4CC1AD234AE002CA09B /* ThemeView.xib in Resources */ = {isa = PBXBuildFile; fileRef = 7119B4CB1AD234AE002CA09B /* ThemeView.xib */; };
		7119B4D21AD24215002CA09B /* classicPaddle.png in Resources */ = {isa = PBXBuildFile; fileRef = 7119B4CE1AD24215002CA09B /* classicPaddle.png */; };
		7119B4D31AD24215002CA09B /* classicPuck.png in Resources */ = {isa = PBXBuildFile; fileRef = 7119B4CF1AD24215002CA09B /* classicPuck.png */; };
		7119B4D41AD24215002CA09B /* classicTable.png in Resources */ = {isa = PBXBuildFile; fileRef = 7119B4D01AD24215002CA09B /* classicTable.png */; };
		7119B4D61AD4B23B002CA09B /* star.png in Resources */ = {isa = PBXBuildFile; fileRef = 7119B4D51AD4B23B002CA09B /* star.png */; };
		7119B4D81AD4B25F002CA09B /* Stars.sks in Resources */ = {isa = PBXBuildFile; fileRef = 7119B4D71AD4B25F002CA09B /* Stars.sks */; };
		7119B4DA1AD4B379002CA09B /* CustomEmitter.swift in Sources */ = {isa = PBXBuildFile; fileRef = 7119B4D91AD4B379002CA09B /* CustomEmitter.swift */; };
		7131F54E1AD054CD00AABF5A /* EffectManager.swift in Sources */ = {isa = PBXBuildFile; fileRef = 7131F54D1AD054CD00AABF5A /* EffectManager.swift */; };
		7131F5531AD0F33500AABF5A /* Theme.swift in Sources */ = {isa = PBXBuildFile; fileRef = 7131F5521AD0F33500AABF5A /* Theme.swift */; };
		714449C01AE1C35F00535D3D /* MagnetPowerup.swift in Sources */ = {isa = PBXBuildFile; fileRef = 714449BF1AE1C35F00535D3D /* MagnetPowerup.swift */; };
		714449C51AE1C39700535D3D /* GrowthPowerup.png in Resources */ = {isa = PBXBuildFile; fileRef = 714449C21AE1C39700535D3D /* GrowthPowerup.png */; };
		714449C61AE1C39700535D3D /* LightPowerup.png in Resources */ = {isa = PBXBuildFile; fileRef = 714449C31AE1C39700535D3D /* LightPowerup.png */; };
		714449C71AE1C39700535D3D /* MagnetPowerup.png in Resources */ = {isa = PBXBuildFile; fileRef = 714449C41AE1C39700535D3D /* MagnetPowerup.png */; };
		714449C91AE1C3E500535D3D /* LightPowerup.swift in Sources */ = {isa = PBXBuildFile; fileRef = 714449C81AE1C3E500535D3D /* LightPowerup.swift */; };
		714449DF1AE1C4F500535D3D /* SQLite.framework in Frameworks */ = {isa = PBXBuildFile; fileRef = 714449D41AE1C4E600535D3D /* SQLite.framework */; };
		714449E01AE1C4F800535D3D /* SQLite.framework in CopyFiles */ = {isa = PBXBuildFile; fileRef = 714449D41AE1C4E600535D3D /* SQLite.framework */; settings = {ATTRIBUTES = (CodeSignOnCopy, RemoveHeadersOnCopy, ); }; };
		7155B2B91ADF917000B71479 /* SystemSettingsViewController.swift in Sources */ = {isa = PBXBuildFile; fileRef = 7155B2B81ADF917000B71479 /* SystemSettingsViewController.swift */; };
		716373B01ACB9E1200B1FF7D /* zPositions.swift in Sources */ = {isa = PBXBuildFile; fileRef = 716373AF1ACB9E1200B1FF7D /* zPositions.swift */; };
		7169DE891AE40B1C006B34C9 /* GoSound.wav in Resources */ = {isa = PBXBuildFile; fileRef = 7169DE881AE40B1C006B34C9 /* GoSound.wav */; };
		7169DE8F1AE40B21006B34C9 /* Countdown.wav in Resources */ = {isa = PBXBuildFile; fileRef = 7169DE8E1AE40B21006B34C9 /* Countdown.wav */; };
		7169DE911AE40B2B006B34C9 /* Powerup.wav in Resources */ = {isa = PBXBuildFile; fileRef = 7169DE901AE40B2B006B34C9 /* Powerup.wav */; };
		7169DE931AE40E4A006B34C9 /* UnderwaterFont.otf in Resources */ = {isa = PBXBuildFile; fileRef = 7169DE921AE40E4A006B34C9 /* UnderwaterFont.otf */; };
		7169DE951AE41248006B34C9 /* VortexPowerup.swift in Sources */ = {isa = PBXBuildFile; fileRef = 7169DE941AE41248006B34C9 /* VortexPowerup.swift */; };
		7169DE991AE47BFB006B34C9 /* goalTexture.png in Resources */ = {isa = PBXBuildFile; fileRef = 7169DE981AE47BFB006B34C9 /* goalTexture.png */; };
		7169DE9B1AE47C02006B34C9 /* VortexPowerup.png in Resources */ = {isa = PBXBuildFile; fileRef = 7169DE9A1AE47C02006B34C9 /* VortexPowerup.png */; };
		7169DEA21AE487DD006B34C9 /* hawkeyeBackground.png in Resources */ = {isa = PBXBuildFile; fileRef = 7169DE9D1AE487DD006B34C9 /* hawkeyeBackground.png */; };
		7169DEA31AE487DD006B34C9 /* hawkeyePaddle.png in Resources */ = {isa = PBXBuildFile; fileRef = 7169DE9E1AE487DD006B34C9 /* hawkeyePaddle.png */; };
		7169DEA41AE487DD006B34C9 /* hawkeyePuck.png in Resources */ = {isa = PBXBuildFile; fileRef = 7169DE9F1AE487DD006B34C9 /* hawkeyePuck.png */; };
		7169DEA51AE487DD006B34C9 /* hawkeyeTable.png in Resources */ = {isa = PBXBuildFile; fileRef = 7169DEA01AE487DD006B34C9 /* hawkeyeTable.png */; };
		7169DEA61AE487DD006B34C9 /* Thumbs.db in Resources */ = {isa = PBXBuildFile; fileRef = 7169DEA11AE487DD006B34C9 /* Thumbs.db */; };
		7169DEAE1AE487E3006B34C9 /* beachBackground.png in Resources */ = {isa = PBXBuildFile; fileRef = 7169DEA81AE487E3006B34C9 /* beachBackground.png */; };
		7169DEAF1AE487E3006B34C9 /* beachBackgroundMusic.mp3 in Resources */ = {isa = PBXBuildFile; fileRef = 7169DEA91AE487E3006B34C9 /* beachBackgroundMusic.mp3 */; };
		7169DEB01AE487E3006B34C9 /* beachPaddle.png in Resources */ = {isa = PBXBuildFile; fileRef = 7169DEAA1AE487E3006B34C9 /* beachPaddle.png */; };
		7169DEB11AE487E3006B34C9 /* beachPuck.png in Resources */ = {isa = PBXBuildFile; fileRef = 7169DEAB1AE487E3006B34C9 /* beachPuck.png */; };
		7169DEB21AE487E3006B34C9 /* beachTable.png in Resources */ = {isa = PBXBuildFile; fileRef = 7169DEAC1AE487E3006B34C9 /* beachTable.png */; };
		7169DEB31AE487E3006B34C9 /* Thumbs.db in Resources */ = {isa = PBXBuildFile; fileRef = 7169DEAD1AE487E3006B34C9 /* Thumbs.db */; };
		7169DEBA1AE487EB006B34C9 /* carBackround.png in Resources */ = {isa = PBXBuildFile; fileRef = 7169DEB51AE487EB006B34C9 /* carBackround.png */; };
		7169DEBB1AE487EB006B34C9 /* carPaddle.png in Resources */ = {isa = PBXBuildFile; fileRef = 7169DEB61AE487EB006B34C9 /* carPaddle.png */; };
		7169DEBC1AE487EB006B34C9 /* carPuck.png in Resources */ = {isa = PBXBuildFile; fileRef = 7169DEB71AE487EB006B34C9 /* carPuck.png */; };
		7169DEBD1AE487EB006B34C9 /* carTable.png in Resources */ = {isa = PBXBuildFile; fileRef = 7169DEB81AE487EB006B34C9 /* carTable.png */; };
		7169DEBE1AE487EB006B34C9 /* Thumbs.db in Resources */ = {isa = PBXBuildFile; fileRef = 7169DEB91AE487EB006B34C9 /* Thumbs.db */; };
		71763AD41AE179BD00155C15 /* Powerup.swift in Sources */ = {isa = PBXBuildFile; fileRef = 71763AD31AE179BD00155C15 /* Powerup.swift */; };
		71763AD61AE182DD00155C15 /* PowerupDelegate.swift in Sources */ = {isa = PBXBuildFile; fileRef = 71763AD51AE182DD00155C15 /* PowerupDelegate.swift */; };
		71763AD81AE186D800155C15 /* SizeIncreasePowerup.swift in Sources */ = {isa = PBXBuildFile; fileRef = 71763AD71AE186D800155C15 /* SizeIncreasePowerup.swift */; };
		7178D3601ADE00EC00834CC5 /* HomeViewController.swift in Sources */ = {isa = PBXBuildFile; fileRef = 7178D35F1ADE00EC00834CC5 /* HomeViewController.swift */; };
		717B00D91ACC486B0049F3EC /* Button.swift in Sources */ = {isa = PBXBuildFile; fileRef = 717B00D81ACC486B0049F3EC /* Button.swift */; };
		717B00DE1ACC5B4C0049F3EC /* TouchHandlerDelegate.swift in Sources */ = {isa = PBXBuildFile; fileRef = 717B00DD1ACC5B4C0049F3EC /* TouchHandlerDelegate.swift */; };
		717B00E21ACCD95A0049F3EC /* HumanPlayer.swift in Sources */ = {isa = PBXBuildFile; fileRef = 717B00E01ACCD95A0049F3EC /* HumanPlayer.swift */; };
		717B00E31ACCD95A0049F3EC /* Player.swift in Sources */ = {isa = PBXBuildFile; fileRef = 717B00E11ACCD95A0049F3EC /* Player.swift */; };
		717B00E51ACCD96A0049F3EC /* AIPlayer.swift in Sources */ = {isa = PBXBuildFile; fileRef = 717B00E41ACCD96A0049F3EC /* AIPlayer.swift */; };
		717CD5CF1ADF9823007D24E0 /* SpriteKit.framework in Frameworks */ = {isa = PBXBuildFile; fileRef = 7107A2CF1AC3990E00706EC8 /* SpriteKit.framework */; };
		717F86081AD0F3E000576E8E /* digital-7 (italic).ttf in Resources */ = {isa = PBXBuildFile; fileRef = 717F86031AD0F3E000576E8E /* digital-7 (italic).ttf */; };
		717F86091AD0F3E000576E8E /* digital-7 (mono italic).ttf in Resources */ = {isa = PBXBuildFile; fileRef = 717F86041AD0F3E000576E8E /* digital-7 (mono italic).ttf */; };
		717F860A1AD0F3E000576E8E /* digital-7 (mono).ttf in Resources */ = {isa = PBXBuildFile; fileRef = 717F86051AD0F3E000576E8E /* digital-7 (mono).ttf */; };
		717F860B1AD0F3E000576E8E /* digital-7.ttf in Resources */ = {isa = PBXBuildFile; fileRef = 717F86061AD0F3E000576E8E /* digital-7.ttf */; };
		717F860C1AD0F3E000576E8E /* readme.txt in Resources */ = {isa = PBXBuildFile; fileRef = 717F86071AD0F3E000576E8E /* readme.txt */; };
		71A8756D1AC5C71F008EDBA9 /* Timer.swift in Sources */ = {isa = PBXBuildFile; fileRef = 71A8756C1AC5C71F008EDBA9 /* Timer.swift */; };
		71A875761AC5D115008EDBA9 /* Puck.swift in Sources */ = {isa = PBXBuildFile; fileRef = 71A875751AC5D115008EDBA9 /* Puck.swift */; };
		71A875781AC5D4AE008EDBA9 /* Paddle.swift in Sources */ = {isa = PBXBuildFile; fileRef = 71A875771AC5D4AE008EDBA9 /* Paddle.swift */; };
		71AE540F1AD4B8F10024BC44 /* ShootingStar.sks in Resources */ = {isa = PBXBuildFile; fileRef = 71AE540E1AD4B8F10024BC44 /* ShootingStar.sks */; };
		71AE54141AD591E00024BC44 /* WinScreen.swift in Sources */ = {isa = PBXBuildFile; fileRef = 71AE54131AD591E00024BC44 /* WinScreen.swift */; };
		71AE541B1AD620C90024BC44 /* soccerBackground.png in Resources */ = {isa = PBXBuildFile; fileRef = 71AE54161AD620C90024BC44 /* soccerBackground.png */; };
		71AE541C1AD620C90024BC44 /* soccerPaddle.png in Resources */ = {isa = PBXBuildFile; fileRef = 71AE54171AD620C90024BC44 /* soccerPaddle.png */; };
		71AE541D1AD620C90024BC44 /* soccerPuck.png in Resources */ = {isa = PBXBuildFile; fileRef = 71AE54181AD620C90024BC44 /* soccerPuck.png */; };
		71AE541E1AD620C90024BC44 /* soccerTable.png in Resources */ = {isa = PBXBuildFile; fileRef = 71AE54191AD620C90024BC44 /* soccerTable.png */; };
		71AE541F1AD620C90024BC44 /* Thumbs.db in Resources */ = {isa = PBXBuildFile; fileRef = 71AE541A1AD620C90024BC44 /* Thumbs.db */; };
		71BB497F1AC4CE1C00898049 /* Settings.swift in Sources */ = {isa = PBXBuildFile; fileRef = 71BB497E1AC4CE1C00898049 /* Settings.swift */; };
		71BB49821AC4D24F00898049 /* Constants.swift in Sources */ = {isa = PBXBuildFile; fileRef = 71BB49811AC4D24F00898049 /* Constants.swift */; };
		71BB49841AC4D70200898049 /* Statistics.swift in Sources */ = {isa = PBXBuildFile; fileRef = 71BB49831AC4D70200898049 /* Statistics.swift */; };
		71C225AB1AE176BF00B87460 /* Sparkle.sks in Resources */ = {isa = PBXBuildFile; fileRef = 71C225AA1AE176BF00B87460 /* Sparkle.sks */; };
		71C225AD1AE177B400B87460 /* Square.png in Resources */ = {isa = PBXBuildFile; fileRef = 71C225AC1AE177B400B87460 /* Square.png */; };
		71D803CE1ADECCF4000BE4A3 /* confirmSound.mp3 in Resources */ = {isa = PBXBuildFile; fileRef = 71D803CB1ADECCF4000BE4A3 /* confirmSound.mp3 */; };
		71D803CF1ADECCF4000BE4A3 /* menuBackgroundMusic.mp3 in Resources */ = {isa = PBXBuildFile; fileRef = 71D803CC1ADECCF4000BE4A3 /* menuBackgroundMusic.mp3 */; };
		71D803D01ADECCF4000BE4A3 /* menuSelect.mp3 in Resources */ = {isa = PBXBuildFile; fileRef = 71D803CD1ADECCF4000BE4A3 /* menuSelect.mp3 */; };
		71E1665F1ADB38000042D96A /* iceBackground.png in Resources */ = {isa = PBXBuildFile; fileRef = 71E166591ADB38000042D96A /* iceBackground.png */; };
		71E166601ADB38000042D96A /* iceBackgroundMusic.mp3 in Resources */ = {isa = PBXBuildFile; fileRef = 71E1665A1ADB38000042D96A /* iceBackgroundMusic.mp3 */; };
		71E166611ADB38000042D96A /* icePaddle.png in Resources */ = {isa = PBXBuildFile; fileRef = 71E1665B1ADB38000042D96A /* icePaddle.png */; };
		71E166621ADB38000042D96A /* icePuck.png in Resources */ = {isa = PBXBuildFile; fileRef = 71E1665C1ADB38000042D96A /* icePuck.png */; };
		71E166631ADB38000042D96A /* iceTable.png in Resources */ = {isa = PBXBuildFile; fileRef = 71E1665D1ADB38000042D96A /* iceTable.png */; };
		71E166641ADB38000042D96A /* Thumbs.db in Resources */ = {isa = PBXBuildFile; fileRef = 71E1665E1ADB38000042D96A /* Thumbs.db */; };
		71E166691ADB3FEE0042D96A /* Snow.sks in Resources */ = {isa = PBXBuildFile; fileRef = 71E166681ADB3FEE0042D96A /* Snow.sks */; };
		71E166741ADDE6A00042D96A /* BeachFont.ttf in Resources */ = {isa = PBXBuildFile; fileRef = 71E1666C1ADDE6A00042D96A /* BeachFont.ttf */; };
		71E166751ADDE6A00042D96A /* CarFont.ttf in Resources */ = {isa = PBXBuildFile; fileRef = 71E1666D1ADDE6A00042D96A /* CarFont.ttf */; };
		71E166761ADDE6A00042D96A /* DesertFont.TTF in Resources */ = {isa = PBXBuildFile; fileRef = 71E1666E1ADDE6A00042D96A /* DesertFont.TTF */; };
		71E166771ADDE6A00042D96A /* HawkeyeFont.otf in Resources */ = {isa = PBXBuildFile; fileRef = 71E1666F1ADDE6A00042D96A /* HawkeyeFont.otf */; };
		71E166781ADDE6A00042D96A /* SoccerFont.ttf in Resources */ = {isa = PBXBuildFile; fileRef = 71E166701ADDE6A00042D96A /* SoccerFont.ttf */; };
		71E166791ADDE6A00042D96A /* SpaceFont.ttf in Resources */ = {isa = PBXBuildFile; fileRef = 71E166711ADDE6A00042D96A /* SpaceFont.ttf */; };
		71E1667B1ADDE6A00042D96A /* WoodFont.ttf in Resources */ = {isa = PBXBuildFile; fileRef = 71E166731ADDE6A00042D96A /* WoodFont.ttf */; };
		71E166801ADDECA40042D96A /* MuteWidget.xib in Resources */ = {isa = PBXBuildFile; fileRef = 71E1667F1ADDECA40042D96A /* MuteWidget.xib */; };
		71E166821ADDEDE90042D96A /* MuteWidget.swift in Sources */ = {isa = PBXBuildFile; fileRef = 71E166811ADDEDE90042D96A /* MuteWidget.swift */; };
		71E166891ADDF3FF0042D96A /* soundOnIcon.png in Resources */ = {isa = PBXBuildFile; fileRef = 71E166871ADDF3FF0042D96A /* soundOnIcon.png */; };
		71E1668A1ADDF3FF0042D96A /* soundOffIcon.png in Resources */ = {isa = PBXBuildFile; fileRef = 71E166881ADDF3FF0042D96A /* soundOffIcon.png */; };
		71F0A1301AD75BF1003AEF5C /* SoundManager.swift in Sources */ = {isa = PBXBuildFile; fileRef = 71F0A12F1AD75BF1003AEF5C /* SoundManager.swift */; };
		71F0A1351AD75F07003AEF5C /* spaceBackgroundMusic.mp3 in Resources */ = {isa = PBXBuildFile; fileRef = 71F0A1341AD75F07003AEF5C /* spaceBackgroundMusic.mp3 */; };
		71F0A1371AD75F13003AEF5C /* classicBackgroundMusic.mp3 in Resources */ = {isa = PBXBuildFile; fileRef = 71F0A1361AD75F13003AEF5C /* classicBackgroundMusic.mp3 */; };
		71F0A13B1AD763A1003AEF5C /* classicGoalSound.mp3 in Resources */ = {isa = PBXBuildFile; fileRef = 71F0A1381AD763A1003AEF5C /* classicGoalSound.mp3 */; };
		71F0A13C1AD763A1003AEF5C /* classicPuckHitPaddle.mp3 in Resources */ = {isa = PBXBuildFile; fileRef = 71F0A1391AD763A1003AEF5C /* classicPuckHitPaddle.mp3 */; };
		71F0A13D1AD763A1003AEF5C /* classicPuckHitWall.mp3 in Resources */ = {isa = PBXBuildFile; fileRef = 71F0A13A1AD763A1003AEF5C /* classicPuckHitWall.mp3 */; };
		71F0A13F1AD85465003AEF5C /* spaceBackground.png in Resources */ = {isa = PBXBuildFile; fileRef = 71F0A13E1AD85465003AEF5C /* spaceBackground.png */; };
		71F0A1411AD85471003AEF5C /* classicBackground.png in Resources */ = {isa = PBXBuildFile; fileRef = 71F0A1401AD85471003AEF5C /* classicBackground.png */; };
		71F0A1491AD8548A003AEF5C /* Thumbs.db in Resources */ = {isa = PBXBuildFile; fileRef = 71F0A1431AD8548A003AEF5C /* Thumbs.db */; };
		71F0A14A1AD8548A003AEF5C /* underwaterBackground.png in Resources */ = {isa = PBXBuildFile; fileRef = 71F0A1441AD8548A003AEF5C /* underwaterBackground.png */; };
		71F0A14B1AD8548A003AEF5C /* underwaterBackgroundMusic.mp3 in Resources */ = {isa = PBXBuildFile; fileRef = 71F0A1451AD8548A003AEF5C /* underwaterBackgroundMusic.mp3 */; };
		71F0A14C1AD8548A003AEF5C /* underwaterPaddle.png in Resources */ = {isa = PBXBuildFile; fileRef = 71F0A1461AD8548A003AEF5C /* underwaterPaddle.png */; };
		71F0A14D1AD8548A003AEF5C /* underwaterPuck.png in Resources */ = {isa = PBXBuildFile; fileRef = 71F0A1471AD8548A003AEF5C /* underwaterPuck.png */; };
		71F0A14E1AD8548A003AEF5C /* underwaterTable.png in Resources */ = {isa = PBXBuildFile; fileRef = 71F0A1481AD8548A003AEF5C /* underwaterTable.png */; };
		71F0A1501AD85604003AEF5C /* Bubbles.sks in Resources */ = {isa = PBXBuildFile; fileRef = 71F0A14F1AD85604003AEF5C /* Bubbles.sks */; };
		9F318E971AE45FE6002F3821 /* ReadyView.xib in Resources */ = {isa = PBXBuildFile; fileRef = 9F318E961AE45FE6002F3821 /* ReadyView.xib */; };
		9F627A011ADC9EFC00DDD0AB /* PlayerSelectViewController.swift in Sources */ = {isa = PBXBuildFile; fileRef = 9F627A001ADC9EFC00DDD0AB /* PlayerSelectViewController.swift */; };
		9F627A061ADCA5AF00DDD0AB /* TwoPBaseView.xib in Resources */ = {isa = PBXBuildFile; fileRef = 9F627A051ADCA5AF00DDD0AB /* TwoPBaseView.xib */; };
		9F627A081ADCABA000DDD0AB /* TwoPBaseView.swift in Sources */ = {isa = PBXBuildFile; fileRef = 9F627A071ADCABA000DDD0AB /* TwoPBaseView.swift */; };
		9F627A101ADE0DCE00DDD0AB /* LoginView.xib in Resources */ = {isa = PBXBuildFile; fileRef = 9F627A0F1ADE0DCE00DDD0AB /* LoginView.xib */; };
/* End PBXBuildFile section */

/* Begin PBXContainerItemProxy section */
		7107A2AF1AC398B600706EC8 /* PBXContainerItemProxy */ = {
			isa = PBXContainerItemProxy;
			containerPortal = 7107A28D1AC398B600706EC8 /* Project object */;
			proxyType = 1;
			remoteGlobalIDString = 7107A2941AC398B600706EC8;
			remoteInfo = AirHockeyProject;
		};
		714449D31AE1C4E600535D3D /* PBXContainerItemProxy */ = {
			isa = PBXContainerItemProxy;
			containerPortal = 714449CA1AE1C4E500535D3D /* SQLite.xcodeproj */;
			proxyType = 2;
			remoteGlobalIDString = DC3773F319C8CBB3004FCF85;
			remoteInfo = SQLite;
		};
		714449D51AE1C4E600535D3D /* PBXContainerItemProxy */ = {
			isa = PBXContainerItemProxy;
			containerPortal = 714449CA1AE1C4E500535D3D /* SQLite.xcodeproj */;
			proxyType = 2;
			remoteGlobalIDString = DC3773FE19C8CBB3004FCF85;
			remoteInfo = "SQLite Tests";
		};
		714449D71AE1C4E600535D3D /* PBXContainerItemProxy */ = {
			isa = PBXContainerItemProxy;
			containerPortal = 714449CA1AE1C4E500535D3D /* SQLite.xcodeproj */;
			proxyType = 2;
			remoteGlobalIDString = DCC6B3801A9191C300734B78;
			remoteInfo = SQLiteCipher;
		};
		714449D91AE1C4E600535D3D /* PBXContainerItemProxy */ = {
			isa = PBXContainerItemProxy;
			containerPortal = 714449CA1AE1C4E500535D3D /* SQLite.xcodeproj */;
			proxyType = 2;
			remoteGlobalIDString = DCC6B3921A9191D100734B78;
			remoteInfo = "SQLiteCipher Tests";
		};
		714449DB1AE1C4E600535D3D /* PBXContainerItemProxy */ = {
			isa = PBXContainerItemProxy;
			containerPortal = 714449CA1AE1C4E500535D3D /* SQLite.xcodeproj */;
			proxyType = 2;
			remoteGlobalIDString = DCAE4D151ABE0B3300EFCE7A;
			remoteInfo = sqlite3;
		};
		714449DD1AE1C4F100535D3D /* PBXContainerItemProxy */ = {
			isa = PBXContainerItemProxy;
			containerPortal = 714449CA1AE1C4E500535D3D /* SQLite.xcodeproj */;
			proxyType = 1;
			remoteGlobalIDString = DC3773F219C8CBB3004FCF85;
			remoteInfo = SQLite;
		};
/* End PBXContainerItemProxy section */

/* Begin PBXCopyFilesBuildPhase section */
		7107A2E71AC39B3F00706EC8 /* CopyFiles */ = {
			isa = PBXCopyFilesBuildPhase;
			buildActionMask = 12;
			dstPath = "";
			dstSubfolderSpec = 10;
			files = (
				714449E01AE1C4F800535D3D /* SQLite.framework in CopyFiles */,
			);
			runOnlyForDeploymentPostprocessing = 0;
		};
/* End PBXCopyFilesBuildPhase section */

/* Begin PBXFileReference section */
		71008D501ACF8918009B3444 /* FittedLabelNode.swift */ = {isa = PBXFileReference; fileEncoding = 4; lastKnownFileType = sourcecode.swift; path = FittedLabelNode.swift; sourceTree = "<group>"; };
		71008D561ACF97F1009B3444 /* GoalEmitter.sks */ = {isa = PBXFileReference; lastKnownFileType = file.sks; path = GoalEmitter.sks; sourceTree = "<group>"; };
		71008D571ACF97F1009B3444 /* spark.png */ = {isa = PBXFileReference; lastKnownFileType = image.png; path = spark.png; sourceTree = "<group>"; };
		71008D5B1AD04F56009B3444 /* bokeh.png */ = {isa = PBXFileReference; lastKnownFileType = image.png; path = bokeh.png; sourceTree = "<group>"; };
		71008D621AD04FB2009B3444 /* Spark.sks */ = {isa = PBXFileReference; lastKnownFileType = file.sks; path = Spark.sks; sourceTree = "<group>"; };
		710435B01AC7103B003E9458 /* Table.swift */ = {isa = PBXFileReference; fileEncoding = 4; lastKnownFileType = sourcecode.swift; path = Table.swift; sourceTree = "<group>"; };
		710435B51AC74BB9003E9458 /* InputManager.swift */ = {isa = PBXFileReference; fileEncoding = 4; lastKnownFileType = sourcecode.swift; path = InputManager.swift; sourceTree = "<group>"; };
		7107A2951AC398B600706EC8 /* Face Off.app */ = {isa = PBXFileReference; explicitFileType = wrapper.application; includeInIndex = 0; path = "Face Off.app"; sourceTree = BUILT_PRODUCTS_DIR; };
		7107A2991AC398B600706EC8 /* Info.plist */ = {isa = PBXFileReference; lastKnownFileType = text.plist.xml; path = Info.plist; sourceTree = "<group>"; };
		7107A29A1AC398B600706EC8 /* AppDelegate.swift */ = {isa = PBXFileReference; lastKnownFileType = sourcecode.swift; path = AppDelegate.swift; sourceTree = "<group>"; };
		7107A29E1AC398B600706EC8 /* GameScene.swift */ = {isa = PBXFileReference; lastKnownFileType = sourcecode.swift; path = GameScene.swift; sourceTree = "<group>"; };
		7107A2A01AC398B600706EC8 /* GameViewController.swift */ = {isa = PBXFileReference; lastKnownFileType = sourcecode.swift; path = GameViewController.swift; sourceTree = "<group>"; };
		7107A2A31AC398B600706EC8 /* Base */ = {isa = PBXFileReference; lastKnownFileType = file.storyboard; name = Base; path = Base.lproj/Main.storyboard; sourceTree = "<group>"; };
		7107A2A51AC398B600706EC8 /* Images.xcassets */ = {isa = PBXFileReference; lastKnownFileType = folder.assetcatalog; path = Images.xcassets; sourceTree = "<group>"; };
		7107A2A81AC398B600706EC8 /* Base */ = {isa = PBXFileReference; lastKnownFileType = file.xib; name = Base; path = Base.lproj/LaunchScreen.xib; sourceTree = "<group>"; };
		7107A2AE1AC398B600706EC8 /* AirHockeyProjectTests.xctest */ = {isa = PBXFileReference; explicitFileType = wrapper.cfbundle; includeInIndex = 0; path = AirHockeyProjectTests.xctest; sourceTree = BUILT_PRODUCTS_DIR; };
		7107A2B31AC398B600706EC8 /* Info.plist */ = {isa = PBXFileReference; lastKnownFileType = text.plist.xml; path = Info.plist; sourceTree = "<group>"; };
		7107A2B41AC398B600706EC8 /* AirHockeyProjectTests.swift */ = {isa = PBXFileReference; lastKnownFileType = sourcecode.swift; path = AirHockeyProjectTests.swift; sourceTree = "<group>"; };
		7107A2C11AC398D600706EC8 /* DatabaseManager.swift */ = {isa = PBXFileReference; fileEncoding = 4; lastKnownFileType = sourcecode.swift; path = DatabaseManager.swift; sourceTree = "<group>"; };
		7107A2C31AC398D600706EC8 /* SettingsProfile.swift */ = {isa = PBXFileReference; fileEncoding = 4; lastKnownFileType = sourcecode.swift; path = SettingsProfile.swift; sourceTree = "<group>"; };
		7107A2C41AC398D600706EC8 /* Stats.swift */ = {isa = PBXFileReference; fileEncoding = 4; lastKnownFileType = sourcecode.swift; path = Stats.swift; sourceTree = "<group>"; };
		7107A2C51AC398D600706EC8 /* User.swift */ = {isa = PBXFileReference; fileEncoding = 4; lastKnownFileType = sourcecode.swift; path = User.swift; sourceTree = "<group>"; };
		7107A2CB1AC398E300706EC8 /* airhockey.sqlite3 */ = {isa = PBXFileReference; lastKnownFileType = file; path = airhockey.sqlite3; sourceTree = "<group>"; };
		7107A2CC1AC398E300706EC8 /* airhockeySchema.sql */ = {isa = PBXFileReference; fileEncoding = 4; lastKnownFileType = text; path = airhockeySchema.sql; sourceTree = "<group>"; };
		7107A2CF1AC3990E00706EC8 /* SpriteKit.framework */ = {isa = PBXFileReference; lastKnownFileType = wrapper.framework; name = SpriteKit.framework; path = System/Library/Frameworks/SpriteKit.framework; sourceTree = SDKROOT; };
		7107A2E91AC39F2E00706EC8 /* Users.swift */ = {isa = PBXFileReference; fileEncoding = 4; lastKnownFileType = sourcecode.swift; path = Users.swift; sourceTree = "<group>"; };
		7107A2EC1AC3A12A00706EC8 /* Util.swift */ = {isa = PBXFileReference; fileEncoding = 4; lastKnownFileType = sourcecode.swift; path = Util.swift; sourceTree = "<group>"; };
		7115A56F1ACB81DD0057A8B8 /* GameTimer.swift */ = {isa = PBXFileReference; fileEncoding = 4; lastKnownFileType = sourcecode.swift; path = GameTimer.swift; sourceTree = "<group>"; };
		7115A5701ACB81DD0057A8B8 /* Geometry.swift */ = {isa = PBXFileReference; fileEncoding = 4; lastKnownFileType = sourcecode.swift; path = Geometry.swift; sourceTree = "<group>"; };
		7115A5731ACB81F10057A8B8 /* GameUtil.swift */ = {isa = PBXFileReference; fileEncoding = 4; lastKnownFileType = sourcecode.swift; path = GameUtil.swift; sourceTree = "<group>"; };
		7115A5751ACB88650057A8B8 /* Goal.swift */ = {isa = PBXFileReference; fileEncoding = 4; lastKnownFileType = sourcecode.swift; path = Goal.swift; sourceTree = "<group>"; };
		7119B4B51AD1063C002CA09B /* spacePaddle.png */ = {isa = PBXFileReference; lastKnownFileType = image.png; path = spacePaddle.png; sourceTree = "<group>"; };
		7119B4B61AD1063C002CA09B /* spacePuck.png */ = {isa = PBXFileReference; lastKnownFileType = image.png; path = spacePuck.png; sourceTree = "<group>"; };
		7119B4B71AD1063C002CA09B /* spaceTable.png */ = {isa = PBXFileReference; lastKnownFileType = image.png; path = spaceTable.png; sourceTree = "<group>"; };
		7119B4BD1AD22257002CA09B /* BoardSelectionViewController.swift */ = {isa = PBXFileReference; fileEncoding = 4; lastKnownFileType = sourcecode.swift; path = BoardSelectionViewController.swift; sourceTree = "<group>"; };
		7119B4BF1AD222F7002CA09B /* Themes.swift */ = {isa = PBXFileReference; fileEncoding = 4; lastKnownFileType = sourcecode.swift; path = Themes.swift; sourceTree = "<group>"; };
		7119B4C11AD228D6002CA09B /* themeconfig.xml */ = {isa = PBXFileReference; fileEncoding = 4; lastKnownFileType = text.xml; path = themeconfig.xml; sourceTree = "<group>"; };
		7119B4C91AD234A6002CA09B /* ThemeView.swift */ = {isa = PBXFileReference; fileEncoding = 4; lastKnownFileType = sourcecode.swift; path = ThemeView.swift; sourceTree = "<group>"; };
		7119B4CB1AD234AE002CA09B /* ThemeView.xib */ = {isa = PBXFileReference; fileEncoding = 4; lastKnownFileType = file.xib; path = ThemeView.xib; sourceTree = "<group>"; };
		7119B4CE1AD24215002CA09B /* classicPaddle.png */ = {isa = PBXFileReference; lastKnownFileType = image.png; path = classicPaddle.png; sourceTree = "<group>"; };
		7119B4CF1AD24215002CA09B /* classicPuck.png */ = {isa = PBXFileReference; lastKnownFileType = image.png; path = classicPuck.png; sourceTree = "<group>"; };
		7119B4D01AD24215002CA09B /* classicTable.png */ = {isa = PBXFileReference; lastKnownFileType = image.png; path = classicTable.png; sourceTree = "<group>"; };
		7119B4D51AD4B23B002CA09B /* star.png */ = {isa = PBXFileReference; lastKnownFileType = image.png; path = star.png; sourceTree = "<group>"; };
		7119B4D71AD4B25F002CA09B /* Stars.sks */ = {isa = PBXFileReference; lastKnownFileType = file.sks; path = Stars.sks; sourceTree = "<group>"; };
		7119B4D91AD4B379002CA09B /* CustomEmitter.swift */ = {isa = PBXFileReference; fileEncoding = 4; lastKnownFileType = sourcecode.swift; path = CustomEmitter.swift; sourceTree = "<group>"; };
		7131F54D1AD054CD00AABF5A /* EffectManager.swift */ = {isa = PBXFileReference; fileEncoding = 4; lastKnownFileType = sourcecode.swift; path = EffectManager.swift; sourceTree = "<group>"; };
		7131F5521AD0F33500AABF5A /* Theme.swift */ = {isa = PBXFileReference; fileEncoding = 4; lastKnownFileType = sourcecode.swift; path = Theme.swift; sourceTree = "<group>"; };
		714449BF1AE1C35F00535D3D /* MagnetPowerup.swift */ = {isa = PBXFileReference; fileEncoding = 4; lastKnownFileType = sourcecode.swift; path = MagnetPowerup.swift; sourceTree = "<group>"; };
		714449C21AE1C39700535D3D /* GrowthPowerup.png */ = {isa = PBXFileReference; lastKnownFileType = image.png; path = GrowthPowerup.png; sourceTree = "<group>"; };
		714449C31AE1C39700535D3D /* LightPowerup.png */ = {isa = PBXFileReference; lastKnownFileType = image.png; path = LightPowerup.png; sourceTree = "<group>"; };
		714449C41AE1C39700535D3D /* MagnetPowerup.png */ = {isa = PBXFileReference; lastKnownFileType = image.png; path = MagnetPowerup.png; sourceTree = "<group>"; };
		714449C81AE1C3E500535D3D /* LightPowerup.swift */ = {isa = PBXFileReference; fileEncoding = 4; lastKnownFileType = sourcecode.swift; path = LightPowerup.swift; sourceTree = "<group>"; };
		714449CA1AE1C4E500535D3D /* SQLite.xcodeproj */ = {isa = PBXFileReference; lastKnownFileType = "wrapper.pb-project"; name = SQLite.xcodeproj; path = "SQLite.swift-master/SQLite.xcodeproj"; sourceTree = "<group>"; };
		7155B2B81ADF917000B71479 /* SystemSettingsViewController.swift */ = {isa = PBXFileReference; fileEncoding = 4; lastKnownFileType = sourcecode.swift; path = SystemSettingsViewController.swift; sourceTree = "<group>"; };
		716373AF1ACB9E1200B1FF7D /* zPositions.swift */ = {isa = PBXFileReference; fileEncoding = 4; lastKnownFileType = sourcecode.swift; path = zPositions.swift; sourceTree = "<group>"; };
		7169DE881AE40B1C006B34C9 /* GoSound.wav */ = {isa = PBXFileReference; lastKnownFileType = audio.wav; path = GoSound.wav; sourceTree = "<group>"; };
		7169DE8E1AE40B21006B34C9 /* Countdown.wav */ = {isa = PBXFileReference; lastKnownFileType = audio.wav; path = Countdown.wav; sourceTree = "<group>"; };
		7169DE901AE40B2B006B34C9 /* Powerup.wav */ = {isa = PBXFileReference; lastKnownFileType = audio.wav; path = Powerup.wav; sourceTree = "<group>"; };
		7169DE921AE40E4A006B34C9 /* UnderwaterFont.otf */ = {isa = PBXFileReference; lastKnownFileType = file; path = UnderwaterFont.otf; sourceTree = "<group>"; };
		7169DE941AE41248006B34C9 /* VortexPowerup.swift */ = {isa = PBXFileReference; fileEncoding = 4; lastKnownFileType = sourcecode.swift; path = VortexPowerup.swift; sourceTree = "<group>"; };
		7169DE981AE47BFB006B34C9 /* goalTexture.png */ = {isa = PBXFileReference; lastKnownFileType = image.png; path = goalTexture.png; sourceTree = "<group>"; };
		7169DE9A1AE47C02006B34C9 /* VortexPowerup.png */ = {isa = PBXFileReference; lastKnownFileType = image.png; path = VortexPowerup.png; sourceTree = "<group>"; };
		7169DE9D1AE487DD006B34C9 /* hawkeyeBackground.png */ = {isa = PBXFileReference; lastKnownFileType = image.png; path = hawkeyeBackground.png; sourceTree = "<group>"; };
		7169DE9E1AE487DD006B34C9 /* hawkeyePaddle.png */ = {isa = PBXFileReference; lastKnownFileType = image.png; path = hawkeyePaddle.png; sourceTree = "<group>"; };
		7169DE9F1AE487DD006B34C9 /* hawkeyePuck.png */ = {isa = PBXFileReference; lastKnownFileType = image.png; path = hawkeyePuck.png; sourceTree = "<group>"; };
		7169DEA01AE487DD006B34C9 /* hawkeyeTable.png */ = {isa = PBXFileReference; lastKnownFileType = image.png; path = hawkeyeTable.png; sourceTree = "<group>"; };
		7169DEA11AE487DD006B34C9 /* Thumbs.db */ = {isa = PBXFileReference; lastKnownFileType = file; path = Thumbs.db; sourceTree = "<group>"; };
		7169DEA81AE487E3006B34C9 /* beachBackground.png */ = {isa = PBXFileReference; lastKnownFileType = image.png; path = beachBackground.png; sourceTree = "<group>"; };
		7169DEA91AE487E3006B34C9 /* beachBackgroundMusic.mp3 */ = {isa = PBXFileReference; lastKnownFileType = audio.mp3; path = beachBackgroundMusic.mp3; sourceTree = "<group>"; };
		7169DEAA1AE487E3006B34C9 /* beachPaddle.png */ = {isa = PBXFileReference; lastKnownFileType = image.png; path = beachPaddle.png; sourceTree = "<group>"; };
		7169DEAB1AE487E3006B34C9 /* beachPuck.png */ = {isa = PBXFileReference; lastKnownFileType = image.png; path = beachPuck.png; sourceTree = "<group>"; };
		7169DEAC1AE487E3006B34C9 /* beachTable.png */ = {isa = PBXFileReference; lastKnownFileType = image.png; path = beachTable.png; sourceTree = "<group>"; };
		7169DEAD1AE487E3006B34C9 /* Thumbs.db */ = {isa = PBXFileReference; lastKnownFileType = file; path = Thumbs.db; sourceTree = "<group>"; };
		7169DEB51AE487EB006B34C9 /* carBackround.png */ = {isa = PBXFileReference; lastKnownFileType = image.png; path = carBackround.png; sourceTree = "<group>"; };
		7169DEB61AE487EB006B34C9 /* carPaddle.png */ = {isa = PBXFileReference; lastKnownFileType = image.png; path = carPaddle.png; sourceTree = "<group>"; };
		7169DEB71AE487EB006B34C9 /* carPuck.png */ = {isa = PBXFileReference; lastKnownFileType = image.png; path = carPuck.png; sourceTree = "<group>"; };
		7169DEB81AE487EB006B34C9 /* carTable.png */ = {isa = PBXFileReference; lastKnownFileType = image.png; path = carTable.png; sourceTree = "<group>"; };
		7169DEB91AE487EB006B34C9 /* Thumbs.db */ = {isa = PBXFileReference; lastKnownFileType = file; path = Thumbs.db; sourceTree = "<group>"; };
		71763AD31AE179BD00155C15 /* Powerup.swift */ = {isa = PBXFileReference; fileEncoding = 4; lastKnownFileType = sourcecode.swift; path = Powerup.swift; sourceTree = "<group>"; };
		71763AD51AE182DD00155C15 /* PowerupDelegate.swift */ = {isa = PBXFileReference; fileEncoding = 4; lastKnownFileType = sourcecode.swift; path = PowerupDelegate.swift; sourceTree = "<group>"; };
		71763AD71AE186D800155C15 /* SizeIncreasePowerup.swift */ = {isa = PBXFileReference; fileEncoding = 4; lastKnownFileType = sourcecode.swift; path = SizeIncreasePowerup.swift; sourceTree = "<group>"; };
		7178D35F1ADE00EC00834CC5 /* HomeViewController.swift */ = {isa = PBXFileReference; fileEncoding = 4; lastKnownFileType = sourcecode.swift; path = HomeViewController.swift; sourceTree = "<group>"; };
		717B00D81ACC486B0049F3EC /* Button.swift */ = {isa = PBXFileReference; fileEncoding = 4; lastKnownFileType = sourcecode.swift; path = Button.swift; sourceTree = "<group>"; };
		717B00DD1ACC5B4C0049F3EC /* TouchHandlerDelegate.swift */ = {isa = PBXFileReference; fileEncoding = 4; lastKnownFileType = sourcecode.swift; path = TouchHandlerDelegate.swift; sourceTree = "<group>"; };
		717B00E01ACCD95A0049F3EC /* HumanPlayer.swift */ = {isa = PBXFileReference; fileEncoding = 4; lastKnownFileType = sourcecode.swift; path = HumanPlayer.swift; sourceTree = "<group>"; };
		717B00E11ACCD95A0049F3EC /* Player.swift */ = {isa = PBXFileReference; fileEncoding = 4; lastKnownFileType = sourcecode.swift; path = Player.swift; sourceTree = "<group>"; };
		717B00E41ACCD96A0049F3EC /* AIPlayer.swift */ = {isa = PBXFileReference; fileEncoding = 4; lastKnownFileType = sourcecode.swift; path = AIPlayer.swift; sourceTree = "<group>"; };
		717F86031AD0F3E000576E8E /* digital-7 (italic).ttf */ = {isa = PBXFileReference; lastKnownFileType = file; path = "digital-7 (italic).ttf"; sourceTree = "<group>"; };
		717F86041AD0F3E000576E8E /* digital-7 (mono italic).ttf */ = {isa = PBXFileReference; lastKnownFileType = file; path = "digital-7 (mono italic).ttf"; sourceTree = "<group>"; };
		717F86051AD0F3E000576E8E /* digital-7 (mono).ttf */ = {isa = PBXFileReference; lastKnownFileType = file; path = "digital-7 (mono).ttf"; sourceTree = "<group>"; };
		717F86061AD0F3E000576E8E /* digital-7.ttf */ = {isa = PBXFileReference; lastKnownFileType = file; path = "digital-7.ttf"; sourceTree = "<group>"; };
		717F86071AD0F3E000576E8E /* readme.txt */ = {isa = PBXFileReference; fileEncoding = 4; lastKnownFileType = text; path = readme.txt; sourceTree = "<group>"; };
		71A8756C1AC5C71F008EDBA9 /* Timer.swift */ = {isa = PBXFileReference; fileEncoding = 4; lastKnownFileType = sourcecode.swift; path = Timer.swift; sourceTree = "<group>"; };
		71A875751AC5D115008EDBA9 /* Puck.swift */ = {isa = PBXFileReference; fileEncoding = 4; lastKnownFileType = sourcecode.swift; path = Puck.swift; sourceTree = "<group>"; };
		71A875771AC5D4AE008EDBA9 /* Paddle.swift */ = {isa = PBXFileReference; fileEncoding = 4; lastKnownFileType = sourcecode.swift; path = Paddle.swift; sourceTree = "<group>"; };
		71AE540E1AD4B8F10024BC44 /* ShootingStar.sks */ = {isa = PBXFileReference; lastKnownFileType = file.sks; path = ShootingStar.sks; sourceTree = "<group>"; };
		71AE54131AD591E00024BC44 /* WinScreen.swift */ = {isa = PBXFileReference; fileEncoding = 4; lastKnownFileType = sourcecode.swift; path = WinScreen.swift; sourceTree = "<group>"; };
		71AE54161AD620C90024BC44 /* soccerBackground.png */ = {isa = PBXFileReference; lastKnownFileType = image.png; path = soccerBackground.png; sourceTree = "<group>"; };
		71AE54171AD620C90024BC44 /* soccerPaddle.png */ = {isa = PBXFileReference; lastKnownFileType = image.png; path = soccerPaddle.png; sourceTree = "<group>"; };
		71AE54181AD620C90024BC44 /* soccerPuck.png */ = {isa = PBXFileReference; lastKnownFileType = image.png; path = soccerPuck.png; sourceTree = "<group>"; };
		71AE54191AD620C90024BC44 /* soccerTable.png */ = {isa = PBXFileReference; lastKnownFileType = image.png; path = soccerTable.png; sourceTree = "<group>"; };
		71AE541A1AD620C90024BC44 /* Thumbs.db */ = {isa = PBXFileReference; lastKnownFileType = file; path = Thumbs.db; sourceTree = "<group>"; };
		71BB497E1AC4CE1C00898049 /* Settings.swift */ = {isa = PBXFileReference; fileEncoding = 4; lastKnownFileType = sourcecode.swift; path = Settings.swift; sourceTree = "<group>"; };
		71BB49811AC4D24F00898049 /* Constants.swift */ = {isa = PBXFileReference; fileEncoding = 4; lastKnownFileType = sourcecode.swift; path = Constants.swift; sourceTree = "<group>"; };
		71BB49831AC4D70200898049 /* Statistics.swift */ = {isa = PBXFileReference; fileEncoding = 4; lastKnownFileType = sourcecode.swift; path = Statistics.swift; sourceTree = "<group>"; };
		71C225AA1AE176BF00B87460 /* Sparkle.sks */ = {isa = PBXFileReference; lastKnownFileType = file.sks; path = Sparkle.sks; sourceTree = "<group>"; };
		71C225AC1AE177B400B87460 /* Square.png */ = {isa = PBXFileReference; lastKnownFileType = image.png; path = Square.png; sourceTree = "<group>"; };
		71D803CB1ADECCF4000BE4A3 /* confirmSound.mp3 */ = {isa = PBXFileReference; lastKnownFileType = audio.mp3; path = confirmSound.mp3; sourceTree = "<group>"; };
		71D803CC1ADECCF4000BE4A3 /* menuBackgroundMusic.mp3 */ = {isa = PBXFileReference; lastKnownFileType = audio.mp3; path = menuBackgroundMusic.mp3; sourceTree = "<group>"; };
		71D803CD1ADECCF4000BE4A3 /* menuSelect.mp3 */ = {isa = PBXFileReference; lastKnownFileType = audio.mp3; path = menuSelect.mp3; sourceTree = "<group>"; };
		71E166591ADB38000042D96A /* iceBackground.png */ = {isa = PBXFileReference; lastKnownFileType = image.png; path = iceBackground.png; sourceTree = "<group>"; };
		71E1665A1ADB38000042D96A /* iceBackgroundMusic.mp3 */ = {isa = PBXFileReference; lastKnownFileType = audio.mp3; path = iceBackgroundMusic.mp3; sourceTree = "<group>"; };
		71E1665B1ADB38000042D96A /* icePaddle.png */ = {isa = PBXFileReference; lastKnownFileType = image.png; path = icePaddle.png; sourceTree = "<group>"; };
		71E1665C1ADB38000042D96A /* icePuck.png */ = {isa = PBXFileReference; lastKnownFileType = image.png; path = icePuck.png; sourceTree = "<group>"; };
		71E1665D1ADB38000042D96A /* iceTable.png */ = {isa = PBXFileReference; lastKnownFileType = image.png; path = iceTable.png; sourceTree = "<group>"; };
		71E1665E1ADB38000042D96A /* Thumbs.db */ = {isa = PBXFileReference; lastKnownFileType = file; path = Thumbs.db; sourceTree = "<group>"; };
		71E166681ADB3FEE0042D96A /* Snow.sks */ = {isa = PBXFileReference; lastKnownFileType = file.sks; path = Snow.sks; sourceTree = "<group>"; };
		71E1666C1ADDE6A00042D96A /* BeachFont.ttf */ = {isa = PBXFileReference; lastKnownFileType = file; path = BeachFont.ttf; sourceTree = "<group>"; };
		71E1666D1ADDE6A00042D96A /* CarFont.ttf */ = {isa = PBXFileReference; lastKnownFileType = file; path = CarFont.ttf; sourceTree = "<group>"; };
		71E1666E1ADDE6A00042D96A /* DesertFont.TTF */ = {isa = PBXFileReference; lastKnownFileType = file; path = DesertFont.TTF; sourceTree = "<group>"; };
		71E1666F1ADDE6A00042D96A /* HawkeyeFont.otf */ = {isa = PBXFileReference; lastKnownFileType = file; path = HawkeyeFont.otf; sourceTree = "<group>"; };
		71E166701ADDE6A00042D96A /* SoccerFont.ttf */ = {isa = PBXFileReference; lastKnownFileType = file; path = SoccerFont.ttf; sourceTree = "<group>"; };
		71E166711ADDE6A00042D96A /* SpaceFont.ttf */ = {isa = PBXFileReference; lastKnownFileType = file; path = SpaceFont.ttf; sourceTree = "<group>"; };
		71E166731ADDE6A00042D96A /* WoodFont.ttf */ = {isa = PBXFileReference; lastKnownFileType = file; path = WoodFont.ttf; sourceTree = "<group>"; };
		71E1667F1ADDECA40042D96A /* MuteWidget.xib */ = {isa = PBXFileReference; fileEncoding = 4; lastKnownFileType = file.xib; path = MuteWidget.xib; sourceTree = "<group>"; };
		71E166811ADDEDE90042D96A /* MuteWidget.swift */ = {isa = PBXFileReference; fileEncoding = 4; lastKnownFileType = sourcecode.swift; path = MuteWidget.swift; sourceTree = "<group>"; };
		71E166871ADDF3FF0042D96A /* soundOnIcon.png */ = {isa = PBXFileReference; lastKnownFileType = image.png; path = soundOnIcon.png; sourceTree = "<group>"; };
		71E166881ADDF3FF0042D96A /* soundOffIcon.png */ = {isa = PBXFileReference; lastKnownFileType = image.png; path = soundOffIcon.png; sourceTree = "<group>"; };
		71F0A12F1AD75BF1003AEF5C /* SoundManager.swift */ = {isa = PBXFileReference; fileEncoding = 4; lastKnownFileType = sourcecode.swift; path = SoundManager.swift; sourceTree = "<group>"; };
		71F0A1341AD75F07003AEF5C /* spaceBackgroundMusic.mp3 */ = {isa = PBXFileReference; lastKnownFileType = audio.mp3; path = spaceBackgroundMusic.mp3; sourceTree = "<group>"; };
		71F0A1361AD75F13003AEF5C /* classicBackgroundMusic.mp3 */ = {isa = PBXFileReference; lastKnownFileType = audio.mp3; path = classicBackgroundMusic.mp3; sourceTree = "<group>"; };
		71F0A1381AD763A1003AEF5C /* classicGoalSound.mp3 */ = {isa = PBXFileReference; lastKnownFileType = audio.mp3; path = classicGoalSound.mp3; sourceTree = "<group>"; };
		71F0A1391AD763A1003AEF5C /* classicPuckHitPaddle.mp3 */ = {isa = PBXFileReference; lastKnownFileType = audio.mp3; path = classicPuckHitPaddle.mp3; sourceTree = "<group>"; };
		71F0A13A1AD763A1003AEF5C /* classicPuckHitWall.mp3 */ = {isa = PBXFileReference; lastKnownFileType = audio.mp3; path = classicPuckHitWall.mp3; sourceTree = "<group>"; };
		71F0A13E1AD85465003AEF5C /* spaceBackground.png */ = {isa = PBXFileReference; lastKnownFileType = image.png; path = spaceBackground.png; sourceTree = "<group>"; };
		71F0A1401AD85471003AEF5C /* classicBackground.png */ = {isa = PBXFileReference; lastKnownFileType = image.png; path = classicBackground.png; sourceTree = "<group>"; };
		71F0A1431AD8548A003AEF5C /* Thumbs.db */ = {isa = PBXFileReference; lastKnownFileType = file; path = Thumbs.db; sourceTree = "<group>"; };
		71F0A1441AD8548A003AEF5C /* underwaterBackground.png */ = {isa = PBXFileReference; lastKnownFileType = image.png; path = underwaterBackground.png; sourceTree = "<group>"; };
		71F0A1451AD8548A003AEF5C /* underwaterBackgroundMusic.mp3 */ = {isa = PBXFileReference; lastKnownFileType = audio.mp3; path = underwaterBackgroundMusic.mp3; sourceTree = "<group>"; };
		71F0A1461AD8548A003AEF5C /* underwaterPaddle.png */ = {isa = PBXFileReference; lastKnownFileType = image.png; path = underwaterPaddle.png; sourceTree = "<group>"; };
		71F0A1471AD8548A003AEF5C /* underwaterPuck.png */ = {isa = PBXFileReference; lastKnownFileType = image.png; path = underwaterPuck.png; sourceTree = "<group>"; };
		71F0A1481AD8548A003AEF5C /* underwaterTable.png */ = {isa = PBXFileReference; lastKnownFileType = image.png; path = underwaterTable.png; sourceTree = "<group>"; };
		71F0A14F1AD85604003AEF5C /* Bubbles.sks */ = {isa = PBXFileReference; lastKnownFileType = file.sks; path = Bubbles.sks; sourceTree = "<group>"; };
		9F318E961AE45FE6002F3821 /* ReadyView.xib */ = {isa = PBXFileReference; fileEncoding = 4; lastKnownFileType = file.xib; path = ReadyView.xib; sourceTree = "<group>"; };
		9F627A001ADC9EFC00DDD0AB /* PlayerSelectViewController.swift */ = {isa = PBXFileReference; fileEncoding = 4; lastKnownFileType = sourcecode.swift; path = PlayerSelectViewController.swift; sourceTree = "<group>"; };
		9F627A051ADCA5AF00DDD0AB /* TwoPBaseView.xib */ = {isa = PBXFileReference; fileEncoding = 4; lastKnownFileType = file.xib; path = TwoPBaseView.xib; sourceTree = "<group>"; };
		9F627A071ADCABA000DDD0AB /* TwoPBaseView.swift */ = {isa = PBXFileReference; fileEncoding = 4; lastKnownFileType = sourcecode.swift; path = TwoPBaseView.swift; sourceTree = "<group>"; };
		9F627A0F1ADE0DCE00DDD0AB /* LoginView.xib */ = {isa = PBXFileReference; fileEncoding = 4; lastKnownFileType = file.xib; path = LoginView.xib; sourceTree = "<group>"; };
/* End PBXFileReference section */

/* Begin PBXFrameworksBuildPhase section */
		7107A2921AC398B600706EC8 /* Frameworks */ = {
			isa = PBXFrameworksBuildPhase;
			buildActionMask = 2147483647;
			files = (
				714449DF1AE1C4F500535D3D /* SQLite.framework in Frameworks */,
				717CD5CF1ADF9823007D24E0 /* SpriteKit.framework in Frameworks */,
			);
			runOnlyForDeploymentPostprocessing = 0;
		};
		7107A2AB1AC398B600706EC8 /* Frameworks */ = {
			isa = PBXFrameworksBuildPhase;
			buildActionMask = 2147483647;
			files = (
			);
			runOnlyForDeploymentPostprocessing = 0;
		};
/* End PBXFrameworksBuildPhase section */

/* Begin PBXGroup section */
		71008D551ACF979E009B3444 /* effects */ = {
			isa = PBXGroup;
			children = (
				71C225AC1AE177B400B87460 /* Square.png */,
				7119B4D51AD4B23B002CA09B /* star.png */,
				71008D561ACF97F1009B3444 /* GoalEmitter.sks */,
				71008D571ACF97F1009B3444 /* spark.png */,
				71008D5B1AD04F56009B3444 /* bokeh.png */,
				71008D621AD04FB2009B3444 /* Spark.sks */,
				7131F54D1AD054CD00AABF5A /* EffectManager.swift */,
				7119B4D71AD4B25F002CA09B /* Stars.sks */,
				71AE540E1AD4B8F10024BC44 /* ShootingStar.sks */,
				71F0A14F1AD85604003AEF5C /* Bubbles.sks */,
				71E166681ADB3FEE0042D96A /* Snow.sks */,
				71C225AA1AE176BF00B87460 /* Sparkle.sks */,
			);
			path = effects;
			sourceTree = "<group>";
		};
		7107A28C1AC398B600706EC8 = {
			isa = PBXGroup;
			children = (
				714449CA1AE1C4E500535D3D /* SQLite.xcodeproj */,
				7107A2CF1AC3990E00706EC8 /* SpriteKit.framework */,
				7107A2971AC398B600706EC8 /* AirHockeyProject */,
				7107A2B11AC398B600706EC8 /* AirHockeyProjectTests */,
				7107A2961AC398B600706EC8 /* Products */,
			);
			sourceTree = "<group>";
		};
		7107A2961AC398B600706EC8 /* Products */ = {
			isa = PBXGroup;
			children = (
				7107A2951AC398B600706EC8 /* Face Off.app */,
				7107A2AE1AC398B600706EC8 /* AirHockeyProjectTests.xctest */,
			);
			name = Products;
			sourceTree = "<group>";
		};
		7107A2971AC398B600706EC8 /* AirHockeyProject */ = {
			isa = PBXGroup;
			children = (
				7119B4CB1AD234AE002CA09B /* ThemeView.xib */,
				71A875721AC5D103008EDBA9 /* Resources */,
				7107A2CA1AC398E300706EC8 /* sql */,
				7107A2BE1AC398D600706EC8 /* src */,
				7107A29A1AC398B600706EC8 /* AppDelegate.swift */,
				9F627A001ADC9EFC00DDD0AB /* PlayerSelectViewController.swift */,
				7107A29E1AC398B600706EC8 /* GameScene.swift */,
				7107A2A01AC398B600706EC8 /* GameViewController.swift */,
				9F627A0F1ADE0DCE00DDD0AB /* LoginView.xib */,
				7107A2A21AC398B600706EC8 /* Main.storyboard */,
				9F627A051ADCA5AF00DDD0AB /* TwoPBaseView.xib */,
				9F318E961AE45FE6002F3821 /* ReadyView.xib */,
				9F627A071ADCABA000DDD0AB /* TwoPBaseView.swift */,
				7107A2A51AC398B600706EC8 /* Images.xcassets */,
				7107A2A71AC398B600706EC8 /* LaunchScreen.xib */,
				7107A2981AC398B600706EC8 /* Supporting Files */,
			);
			path = AirHockeyProject;
			sourceTree = "<group>";
		};
		7107A2981AC398B600706EC8 /* Supporting Files */ = {
			isa = PBXGroup;
			children = (
				7107A2991AC398B600706EC8 /* Info.plist */,
			);
			name = "Supporting Files";
			sourceTree = "<group>";
		};
		7107A2B11AC398B600706EC8 /* AirHockeyProjectTests */ = {
			isa = PBXGroup;
			children = (
				7107A2B41AC398B600706EC8 /* AirHockeyProjectTests.swift */,
				7107A2B21AC398B600706EC8 /* Supporting Files */,
			);
			path = AirHockeyProjectTests;
			sourceTree = "<group>";
		};
		7107A2B21AC398B600706EC8 /* Supporting Files */ = {
			isa = PBXGroup;
			children = (
				7107A2B31AC398B600706EC8 /* Info.plist */,
			);
			name = "Supporting Files";
			sourceTree = "<group>";
		};
		7107A2BE1AC398D600706EC8 /* src */ = {
			isa = PBXGroup;
			children = (
				7119B4BC1AD2223C002CA09B /* View Controllers */,
				71A875711AC5D0F5008EDBA9 /* game */,
				71BB49801AC4D23C00898049 /* config */,
				7107A2EB1AC3A11E00706EC8 /* util */,
				7107A2BF1AC398D600706EC8 /* data */,
			);
			path = src;
			sourceTree = "<group>";
		};
		7107A2BF1AC398D600706EC8 /* data */ = {
			isa = PBXGroup;
			children = (
				7107A2C01AC398D600706EC8 /* database */,
				7107A2C21AC398D600706EC8 /* entities */,
			);
			path = data;
			sourceTree = "<group>";
		};
		7107A2C01AC398D600706EC8 /* database */ = {
			isa = PBXGroup;
			children = (
				7107A2C11AC398D600706EC8 /* DatabaseManager.swift */,
				7107A2E91AC39F2E00706EC8 /* Users.swift */,
				71BB497E1AC4CE1C00898049 /* Settings.swift */,
				71BB49831AC4D70200898049 /* Statistics.swift */,
				7119B4BF1AD222F7002CA09B /* Themes.swift */,
			);
			path = database;
			sourceTree = "<group>";
		};
		7107A2C21AC398D600706EC8 /* entities */ = {
			isa = PBXGroup;
			children = (
				7107A2C31AC398D600706EC8 /* SettingsProfile.swift */,
				7107A2C41AC398D600706EC8 /* Stats.swift */,
				7107A2C51AC398D600706EC8 /* User.swift */,
				7131F5521AD0F33500AABF5A /* Theme.swift */,
				7119B4D91AD4B379002CA09B /* CustomEmitter.swift */,
			);
			path = entities;
			sourceTree = "<group>";
		};
		7107A2CA1AC398E300706EC8 /* sql */ = {
			isa = PBXGroup;
			children = (
				7107A2CB1AC398E300706EC8 /* airhockey.sqlite3 */,
				7107A2CC1AC398E300706EC8 /* airhockeySchema.sql */,
			);
			path = sql;
			sourceTree = "<group>";
		};
		7107A2EB1AC3A11E00706EC8 /* util */ = {
			isa = PBXGroup;
			children = (
				7107A2EC1AC3A12A00706EC8 /* Util.swift */,
				71A8756C1AC5C71F008EDBA9 /* Timer.swift */,
				71E1667F1ADDECA40042D96A /* MuteWidget.xib */,
				71E166811ADDEDE90042D96A /* MuteWidget.swift */,
			);
			path = util;
			sourceTree = "<group>";
		};
		7115A56E1ACB81DD0057A8B8 /* util */ = {
			isa = PBXGroup;
			children = (
				7115A56F1ACB81DD0057A8B8 /* GameTimer.swift */,
				7115A5701ACB81DD0057A8B8 /* Geometry.swift */,
				7115A5731ACB81F10057A8B8 /* GameUtil.swift */,
				716373AF1ACB9E1200B1FF7D /* zPositions.swift */,
				717B00DD1ACC5B4C0049F3EC /* TouchHandlerDelegate.swift */,
				71008D501ACF8918009B3444 /* FittedLabelNode.swift */,
			);
			path = util;
			sourceTree = "<group>";
		};
		7119B4B11AD105A2002CA09B /* space */ = {
			isa = PBXGroup;
			children = (
				71F0A13E1AD85465003AEF5C /* spaceBackground.png */,
				71F0A1341AD75F07003AEF5C /* spaceBackgroundMusic.mp3 */,
				7119B4B51AD1063C002CA09B /* spacePaddle.png */,
				7119B4B61AD1063C002CA09B /* spacePuck.png */,
				7119B4B71AD1063C002CA09B /* spaceTable.png */,
			);
			path = space;
			sourceTree = "<group>";
		};
		7119B4BC1AD2223C002CA09B /* View Controllers */ = {
			isa = PBXGroup;
			children = (
				7155B2B81ADF917000B71479 /* SystemSettingsViewController.swift */,
				7119B4C91AD234A6002CA09B /* ThemeView.swift */,
				7119B4BD1AD22257002CA09B /* BoardSelectionViewController.swift */,
				7178D35F1ADE00EC00834CC5 /* HomeViewController.swift */,
			);
			path = "View Controllers";
			sourceTree = "<group>";
		};
		714449C11AE1C39700535D3D /* powerups */ = {
			isa = PBXGroup;
			children = (
				7169DE9A1AE47C02006B34C9 /* VortexPowerup.png */,
				714449C21AE1C39700535D3D /* GrowthPowerup.png */,
				714449C31AE1C39700535D3D /* LightPowerup.png */,
				714449C41AE1C39700535D3D /* MagnetPowerup.png */,
			);
			path = powerups;
			sourceTree = "<group>";
		};
		714449CB1AE1C4E500535D3D /* Products */ = {
			isa = PBXGroup;
			children = (
				714449D41AE1C4E600535D3D /* SQLite.framework */,
				714449D61AE1C4E600535D3D /* SQLite Tests.xctest */,
				714449D81AE1C4E600535D3D /* SQLite.framework */,
				714449DA1AE1C4E600535D3D /* SQLiteCipher Tests.xctest */,
				714449DC1AE1C4E600535D3D /* sqlite3.framework */,
			);
			name = Products;
			sourceTree = "<group>";
		};
		7169DE9C1AE487DD006B34C9 /* hawkeye */ = {
			isa = PBXGroup;
			children = (
				7169DE9D1AE487DD006B34C9 /* hawkeyeBackground.png */,
				7169DE9E1AE487DD006B34C9 /* hawkeyePaddle.png */,
				7169DE9F1AE487DD006B34C9 /* hawkeyePuck.png */,
				7169DEA01AE487DD006B34C9 /* hawkeyeTable.png */,
				7169DEA11AE487DD006B34C9 /* Thumbs.db */,
			);
			path = hawkeye;
			sourceTree = "<group>";
		};
		7169DEA71AE487E3006B34C9 /* beach */ = {
			isa = PBXGroup;
			children = (
				7169DEA81AE487E3006B34C9 /* beachBackground.png */,
				7169DEA91AE487E3006B34C9 /* beachBackgroundMusic.mp3 */,
				7169DEAA1AE487E3006B34C9 /* beachPaddle.png */,
				7169DEAB1AE487E3006B34C9 /* beachPuck.png */,
				7169DEAC1AE487E3006B34C9 /* beachTable.png */,
				7169DEAD1AE487E3006B34C9 /* Thumbs.db */,
			);
			path = beach;
			sourceTree = "<group>";
		};
		7169DEB41AE487EB006B34C9 /* car */ = {
			isa = PBXGroup;
			children = (
				7169DEB51AE487EB006B34C9 /* carBackround.png */,
				7169DEB61AE487EB006B34C9 /* carPaddle.png */,
				7169DEB71AE487EB006B34C9 /* carPuck.png */,
				7169DEB81AE487EB006B34C9 /* carTable.png */,
				7169DEB91AE487EB006B34C9 /* Thumbs.db */,
			);
			path = car;
			sourceTree = "<group>";
		};
		71763AD21AE179AE00155C15 /* powerup */ = {
			isa = PBXGroup;
			children = (
				71763AD31AE179BD00155C15 /* Powerup.swift */,
				71763AD51AE182DD00155C15 /* PowerupDelegate.swift */,
				71763AD71AE186D800155C15 /* SizeIncreasePowerup.swift */,
				714449BF1AE1C35F00535D3D /* MagnetPowerup.swift */,
				714449C81AE1C3E500535D3D /* LightPowerup.swift */,
				7169DE941AE41248006B34C9 /* VortexPowerup.swift */,
			);
			path = powerup;
			sourceTree = "<group>";
		};
		717B00DF1ACCD95A0049F3EC /* players */ = {
			isa = PBXGroup;
			children = (
				717B00E01ACCD95A0049F3EC /* HumanPlayer.swift */,
				717B00E11ACCD95A0049F3EC /* Player.swift */,
				717B00E41ACCD96A0049F3EC /* AIPlayer.swift */,
			);
			path = players;
			sourceTree = "<group>";
		};
		717F86011AD0F3E000576E8E /* Fonts */ = {
			isa = PBXGroup;
			children = (
				7169DE921AE40E4A006B34C9 /* UnderwaterFont.otf */,
				71E1666C1ADDE6A00042D96A /* BeachFont.ttf */,
				71E1666D1ADDE6A00042D96A /* CarFont.ttf */,
				71E1666E1ADDE6A00042D96A /* DesertFont.TTF */,
				71E1666F1ADDE6A00042D96A /* HawkeyeFont.otf */,
				71E166701ADDE6A00042D96A /* SoccerFont.ttf */,
				71E166711ADDE6A00042D96A /* SpaceFont.ttf */,
				71E166731ADDE6A00042D96A /* WoodFont.ttf */,
				717F86021AD0F3E000576E8E /* style-7_digital-7 */,
			);
			path = Fonts;
			sourceTree = "<group>";
		};
		717F86021AD0F3E000576E8E /* style-7_digital-7 */ = {
			isa = PBXGroup;
			children = (
				717F86031AD0F3E000576E8E /* digital-7 (italic).ttf */,
				717F86041AD0F3E000576E8E /* digital-7 (mono italic).ttf */,
				717F86051AD0F3E000576E8E /* digital-7 (mono).ttf */,
				717F86061AD0F3E000576E8E /* digital-7.ttf */,
				717F86071AD0F3E000576E8E /* readme.txt */,
			);
			path = "style-7_digital-7";
			sourceTree = "<group>";
		};
		717F86101AD0F82E00576E8E /* Themes */ = {
			isa = PBXGroup;
			children = (
				7169DEB41AE487EB006B34C9 /* car */,
				7169DEA71AE487E3006B34C9 /* beach */,
				7169DE9C1AE487DD006B34C9 /* hawkeye */,
				71E166581ADB38000042D96A /* ice */,
				71F0A1421AD8548A003AEF5C /* underwater */,
				71AE54151AD620C90024BC44 /* soccer */,
				7119B4C11AD228D6002CA09B /* themeconfig.xml */,
				7119B4B11AD105A2002CA09B /* space */,
				717F86111AD0F82E00576E8E /* classic */,
			);
			path = Themes;
			sourceTree = "<group>";
		};
		717F86111AD0F82E00576E8E /* classic */ = {
			isa = PBXGroup;
			children = (
				71F0A1381AD763A1003AEF5C /* classicGoalSound.mp3 */,
				71F0A1391AD763A1003AEF5C /* classicPuckHitPaddle.mp3 */,
				71F0A13A1AD763A1003AEF5C /* classicPuckHitWall.mp3 */,
				71F0A1361AD75F13003AEF5C /* classicBackgroundMusic.mp3 */,
				71F0A1401AD85471003AEF5C /* classicBackground.png */,
				7119B4CE1AD24215002CA09B /* classicPaddle.png */,
				7119B4CF1AD24215002CA09B /* classicPuck.png */,
				7119B4D01AD24215002CA09B /* classicTable.png */,
			);
			path = classic;
			sourceTree = "<group>";
		};
		71A875711AC5D0F5008EDBA9 /* game */ = {
			isa = PBXGroup;
			children = (
				71763AD21AE179AE00155C15 /* powerup */,
				71008D551ACF979E009B3444 /* effects */,
				717B00DF1ACCD95A0049F3EC /* players */,
				7115A56E1ACB81DD0057A8B8 /* util */,
				71A875751AC5D115008EDBA9 /* Puck.swift */,
				71A875771AC5D4AE008EDBA9 /* Paddle.swift */,
				710435B01AC7103B003E9458 /* Table.swift */,
				710435B51AC74BB9003E9458 /* InputManager.swift */,
				7115A5751ACB88650057A8B8 /* Goal.swift */,
				717B00D81ACC486B0049F3EC /* Button.swift */,
				71AE54131AD591E00024BC44 /* WinScreen.swift */,
				71F0A12F1AD75BF1003AEF5C /* SoundManager.swift */,
			);
			name = game;
			path = AirHockeyProject/src/game;
			sourceTree = SOURCE_ROOT;
		};
		71A875721AC5D103008EDBA9 /* Resources */ = {
			isa = PBXGroup;
			children = (
				71D803CA1ADECCF4000BE4A3 /* Sound */,
				717F86101AD0F82E00576E8E /* Themes */,
				717F86011AD0F3E000576E8E /* Fonts */,
				71A875731AC5D103008EDBA9 /* Images */,
				71A875741AC5D103008EDBA9 /* Sounds */,
			);
			path = Resources;
			sourceTree = "<group>";
		};
		71A875731AC5D103008EDBA9 /* Images */ = {
			isa = PBXGroup;
			children = (
				7169DE981AE47BFB006B34C9 /* goalTexture.png */,
				714449C11AE1C39700535D3D /* powerups */,
				71E166871ADDF3FF0042D96A /* soundOnIcon.png */,
				71E166881ADDF3FF0042D96A /* soundOffIcon.png */,
			);
			path = Images;
			sourceTree = "<group>";
		};
		71A875741AC5D103008EDBA9 /* Sounds */ = {
			isa = PBXGroup;
			children = (
			);
			path = Sounds;
			sourceTree = "<group>";
		};
		71AE54151AD620C90024BC44 /* soccer */ = {
			isa = PBXGroup;
			children = (
				71AE54161AD620C90024BC44 /* soccerBackground.png */,
				71AE54171AD620C90024BC44 /* soccerPaddle.png */,
				71AE54181AD620C90024BC44 /* soccerPuck.png */,
				71AE54191AD620C90024BC44 /* soccerTable.png */,
				71AE541A1AD620C90024BC44 /* Thumbs.db */,
			);
			path = soccer;
			sourceTree = "<group>";
		};
		71BB49801AC4D23C00898049 /* config */ = {
			isa = PBXGroup;
			children = (
				71BB49811AC4D24F00898049 /* Constants.swift */,
			);
			name = config;
			path = AirHockeyProject/src/config;
			sourceTree = SOURCE_ROOT;
		};
		71D803CA1ADECCF4000BE4A3 /* Sound */ = {
			isa = PBXGroup;
			children = (
				7169DE901AE40B2B006B34C9 /* Powerup.wav */,
				7169DE8E1AE40B21006B34C9 /* Countdown.wav */,
				7169DE881AE40B1C006B34C9 /* GoSound.wav */,
				71D803CB1ADECCF4000BE4A3 /* confirmSound.mp3 */,
				71D803CC1ADECCF4000BE4A3 /* menuBackgroundMusic.mp3 */,
				71D803CD1ADECCF4000BE4A3 /* menuSelect.mp3 */,
			);
			path = Sound;
			sourceTree = "<group>";
		};
		71E166581ADB38000042D96A /* ice */ = {
			isa = PBXGroup;
			children = (
				71E166591ADB38000042D96A /* iceBackground.png */,
				71E1665A1ADB38000042D96A /* iceBackgroundMusic.mp3 */,
				71E1665B1ADB38000042D96A /* icePaddle.png */,
				71E1665C1ADB38000042D96A /* icePuck.png */,
				71E1665D1ADB38000042D96A /* iceTable.png */,
				71E1665E1ADB38000042D96A /* Thumbs.db */,
			);
			path = ice;
			sourceTree = "<group>";
		};
		71F0A1421AD8548A003AEF5C /* underwater */ = {
			isa = PBXGroup;
			children = (
				71F0A1431AD8548A003AEF5C /* Thumbs.db */,
				71F0A1441AD8548A003AEF5C /* underwaterBackground.png */,
				71F0A1451AD8548A003AEF5C /* underwaterBackgroundMusic.mp3 */,
				71F0A1461AD8548A003AEF5C /* underwaterPaddle.png */,
				71F0A1471AD8548A003AEF5C /* underwaterPuck.png */,
				71F0A1481AD8548A003AEF5C /* underwaterTable.png */,
			);
			path = underwater;
			sourceTree = "<group>";
		};
/* End PBXGroup section */

/* Begin PBXNativeTarget section */
		7107A2941AC398B600706EC8 /* AirHockeyProject */ = {
			isa = PBXNativeTarget;
			buildConfigurationList = 7107A2B81AC398B600706EC8 /* Build configuration list for PBXNativeTarget "AirHockeyProject" */;
			buildPhases = (
				7107A2911AC398B600706EC8 /* Sources */,
				7107A2921AC398B600706EC8 /* Frameworks */,
				7107A2931AC398B600706EC8 /* Resources */,
				7107A2E71AC39B3F00706EC8 /* CopyFiles */,
			);
			buildRules = (
			);
			dependencies = (
				714449DE1AE1C4F100535D3D /* PBXTargetDependency */,
			);
			name = AirHockeyProject;
			productName = AirHockeyProject;
			productReference = 7107A2951AC398B600706EC8 /* Face Off.app */;
			productType = "com.apple.product-type.application";
		};
		7107A2AD1AC398B600706EC8 /* AirHockeyProjectTests */ = {
			isa = PBXNativeTarget;
			buildConfigurationList = 7107A2BB1AC398B600706EC8 /* Build configuration list for PBXNativeTarget "AirHockeyProjectTests" */;
			buildPhases = (
				7107A2AA1AC398B600706EC8 /* Sources */,
				7107A2AB1AC398B600706EC8 /* Frameworks */,
				7107A2AC1AC398B600706EC8 /* Resources */,
			);
			buildRules = (
			);
			dependencies = (
				7107A2B01AC398B600706EC8 /* PBXTargetDependency */,
			);
			name = AirHockeyProjectTests;
			productName = AirHockeyProjectTests;
			productReference = 7107A2AE1AC398B600706EC8 /* AirHockeyProjectTests.xctest */;
			productType = "com.apple.product-type.bundle.unit-test";
		};
/* End PBXNativeTarget section */

/* Begin PBXProject section */
		7107A28D1AC398B600706EC8 /* Project object */ = {
			isa = PBXProject;
			attributes = {
				LastUpgradeCheck = 0610;
				ORGANIZATIONNAME = divms;
				TargetAttributes = {
					7107A2941AC398B600706EC8 = {
						CreatedOnToolsVersion = 6.1.1;
						DevelopmentTeam = 625732G463;
					};
					7107A2AD1AC398B600706EC8 = {
						CreatedOnToolsVersion = 6.1.1;
						TestTargetID = 7107A2941AC398B600706EC8;
					};
				};
			};
			buildConfigurationList = 7107A2901AC398B600706EC8 /* Build configuration list for PBXProject "AirHockeyProject" */;
			compatibilityVersion = "Xcode 3.2";
			developmentRegion = English;
			hasScannedForEncodings = 0;
			knownRegions = (
				en,
				Base,
			);
			mainGroup = 7107A28C1AC398B600706EC8;
			productRefGroup = 7107A2961AC398B600706EC8 /* Products */;
			projectDirPath = "";
			projectReferences = (
				{
					ProductGroup = 714449CB1AE1C4E500535D3D /* Products */;
					ProjectRef = 714449CA1AE1C4E500535D3D /* SQLite.xcodeproj */;
				},
			);
			projectRoot = "";
			targets = (
				7107A2941AC398B600706EC8 /* AirHockeyProject */,
				7107A2AD1AC398B600706EC8 /* AirHockeyProjectTests */,
			);
		};
/* End PBXProject section */

/* Begin PBXReferenceProxy section */
		714449D41AE1C4E600535D3D /* SQLite.framework */ = {
			isa = PBXReferenceProxy;
			fileType = wrapper.framework;
			path = SQLite.framework;
			remoteRef = 714449D31AE1C4E600535D3D /* PBXContainerItemProxy */;
			sourceTree = BUILT_PRODUCTS_DIR;
		};
		714449D61AE1C4E600535D3D /* SQLite Tests.xctest */ = {
			isa = PBXReferenceProxy;
			fileType = wrapper.cfbundle;
			path = "SQLite Tests.xctest";
			remoteRef = 714449D51AE1C4E600535D3D /* PBXContainerItemProxy */;
			sourceTree = BUILT_PRODUCTS_DIR;
		};
		714449D81AE1C4E600535D3D /* SQLite.framework */ = {
			isa = PBXReferenceProxy;
			fileType = wrapper.framework;
			path = SQLite.framework;
			remoteRef = 714449D71AE1C4E600535D3D /* PBXContainerItemProxy */;
			sourceTree = BUILT_PRODUCTS_DIR;
		};
		714449DA1AE1C4E600535D3D /* SQLiteCipher Tests.xctest */ = {
			isa = PBXReferenceProxy;
			fileType = wrapper.cfbundle;
			path = "SQLiteCipher Tests.xctest";
			remoteRef = 714449D91AE1C4E600535D3D /* PBXContainerItemProxy */;
			sourceTree = BUILT_PRODUCTS_DIR;
		};
		714449DC1AE1C4E600535D3D /* sqlite3.framework */ = {
			isa = PBXReferenceProxy;
			fileType = wrapper.framework;
			path = sqlite3.framework;
			remoteRef = 714449DB1AE1C4E600535D3D /* PBXContainerItemProxy */;
			sourceTree = BUILT_PRODUCTS_DIR;
		};
/* End PBXReferenceProxy section */

/* Begin PBXResourcesBuildPhase section */
		7107A2931AC398B600706EC8 /* Resources */ = {
			isa = PBXResourcesBuildPhase;
			buildActionMask = 2147483647;
			files = (
				71F0A13B1AD763A1003AEF5C /* classicGoalSound.mp3 in Resources */,
				714449C61AE1C39700535D3D /* LightPowerup.png in Resources */,
				7119B4D31AD24215002CA09B /* classicPuck.png in Resources */,
				7169DEA41AE487DD006B34C9 /* hawkeyePuck.png in Resources */,
				7169DE991AE47BFB006B34C9 /* goalTexture.png in Resources */,
				71F0A1371AD75F13003AEF5C /* classicBackgroundMusic.mp3 in Resources */,
				71F0A14A1AD8548A003AEF5C /* underwaterBackground.png in Resources */,
				71C225AB1AE176BF00B87460 /* Sparkle.sks in Resources */,
				71F0A13F1AD85465003AEF5C /* spaceBackground.png in Resources */,
				7169DEB21AE487E3006B34C9 /* beachTable.png in Resources */,
				9F318E971AE45FE6002F3821 /* ReadyView.xib in Resources */,
				71F0600C1AE08394000A7F9F /* hawkeyeTable.png in Resources */,
				717F860A1AD0F3E000576E8E /* digital-7 (mono).ttf in Resources */,
				717F86091AD0F3E000576E8E /* digital-7 (mono italic).ttf in Resources */,
				71F0A13D1AD763A1003AEF5C /* classicPuckHitWall.mp3 in Resources */,
				71E1667B1ADDE6A00042D96A /* WoodFont.ttf in Resources */,
				7119B4D21AD24215002CA09B /* classicPaddle.png in Resources */,
				7119B4B91AD1063C002CA09B /* spacePaddle.png in Resources */,
				714449C51AE1C39700535D3D /* GrowthPowerup.png in Resources */,
				7169DEA61AE487DD006B34C9 /* Thumbs.db in Resources */,
				71E166601ADB38000042D96A /* iceBackgroundMusic.mp3 in Resources */,
				7169DEA21AE487DD006B34C9 /* hawkeyeBackground.png in Resources */,
				71AE540F1AD4B8F10024BC44 /* ShootingStar.sks in Resources */,
				71AE541B1AD620C90024BC44 /* soccerBackground.png in Resources */,
				71AE541D1AD620C90024BC44 /* soccerPuck.png in Resources */,
				71D803CF1ADECCF4000BE4A3 /* menuBackgroundMusic.mp3 in Resources */,
				71F0A14B1AD8548A003AEF5C /* underwaterBackgroundMusic.mp3 in Resources */,
				7169DEBD1AE487EB006B34C9 /* carTable.png in Resources */,
				7169DEBA1AE487EB006B34C9 /* carBackround.png in Resources */,
				7119B4D41AD24215002CA09B /* classicTable.png in Resources */,
				7169DE891AE40B1C006B34C9 /* GoSound.wav in Resources */,
				7169DEB01AE487E3006B34C9 /* beachPaddle.png in Resources */,
				7107A2A91AC398B600706EC8 /* LaunchScreen.xib in Resources */,
				71D803CE1ADECCF4000BE4A3 /* confirmSound.mp3 in Resources */,
				9F627A101ADE0DCE00DDD0AB /* LoginView.xib in Resources */,
				71E1665F1ADB38000042D96A /* iceBackground.png in Resources */,
				7169DEB31AE487E3006B34C9 /* Thumbs.db in Resources */,
				717F86081AD0F3E000576E8E /* digital-7 (italic).ttf in Resources */,
				71E1668A1ADDF3FF0042D96A /* soundOffIcon.png in Resources */,
				7119B4CC1AD234AE002CA09B /* ThemeView.xib in Resources */,
				71F0A13C1AD763A1003AEF5C /* classicPuckHitPaddle.mp3 in Resources */,
				71D803D01ADECCF4000BE4A3 /* menuSelect.mp3 in Resources */,
				717F860C1AD0F3E000576E8E /* readme.txt in Resources */,
				71E166741ADDE6A00042D96A /* BeachFont.ttf in Resources */,
				7169DEBE1AE487EB006B34C9 /* Thumbs.db in Resources */,
				71AE541E1AD620C90024BC44 /* soccerTable.png in Resources */,
				71C225AD1AE177B400B87460 /* Square.png in Resources */,
				71F0A1411AD85471003AEF5C /* classicBackground.png in Resources */,
				7119B4D61AD4B23B002CA09B /* star.png in Resources */,
				71F0A14D1AD8548A003AEF5C /* underwaterPuck.png in Resources */,
				71AE541F1AD620C90024BC44 /* Thumbs.db in Resources */,
				71E166761ADDE6A00042D96A /* DesertFont.TTF in Resources */,
				7119B4BB1AD1063C002CA09B /* spaceTable.png in Resources */,
				71F0A14C1AD8548A003AEF5C /* underwaterPaddle.png in Resources */,
				71E166891ADDF3FF0042D96A /* soundOnIcon.png in Resources */,
				7169DE8F1AE40B21006B34C9 /* Countdown.wav in Resources */,
				7119B4D81AD4B25F002CA09B /* Stars.sks in Resources */,
				71F0A14E1AD8548A003AEF5C /* underwaterTable.png in Resources */,
				9F627A061ADCA5AF00DDD0AB /* TwoPBaseView.xib in Resources */,
				71F0A1501AD85604003AEF5C /* Bubbles.sks in Resources */,
				7107A2CE1AC398E300706EC8 /* airhockeySchema.sql in Resources */,
				71008D5D1AD04F56009B3444 /* bokeh.png in Resources */,
				7169DE931AE40E4A006B34C9 /* UnderwaterFont.otf in Resources */,
				71E166621ADB38000042D96A /* icePuck.png in Resources */,
				7169DE9B1AE47C02006B34C9 /* VortexPowerup.png in Resources */,
				7169DEAE1AE487E3006B34C9 /* beachBackground.png in Resources */,
				71E166791ADDE6A00042D96A /* SpaceFont.ttf in Resources */,
				71E166781ADDE6A00042D96A /* SoccerFont.ttf in Resources */,
				7169DEBB1AE487EB006B34C9 /* carPaddle.png in Resources */,
				717F860B1AD0F3E000576E8E /* digital-7.ttf in Resources */,
				7119B4C21AD228D6002CA09B /* themeconfig.xml in Resources */,
				7107A2A61AC398B600706EC8 /* Images.xcassets in Resources */,
				7169DEA31AE487DD006B34C9 /* hawkeyePaddle.png in Resources */,
				71008D631AD04FB2009B3444 /* Spark.sks in Resources */,
				71F0A1491AD8548A003AEF5C /* Thumbs.db in Resources */,
				71E166771ADDE6A00042D96A /* HawkeyeFont.otf in Resources */,
				71008D591ACF97F1009B3444 /* spark.png in Resources */,
				71E166631ADB38000042D96A /* iceTable.png in Resources */,
				71AE541C1AD620C90024BC44 /* soccerPaddle.png in Resources */,
				7107A2A41AC398B600706EC8 /* Main.storyboard in Resources */,
				71E166801ADDECA40042D96A /* MuteWidget.xib in Resources */,
				71E166611ADB38000042D96A /* icePaddle.png in Resources */,
				71F0A1351AD75F07003AEF5C /* spaceBackgroundMusic.mp3 in Resources */,
				7169DEAF1AE487E3006B34C9 /* beachBackgroundMusic.mp3 in Resources */,
				7169DEA51AE487DD006B34C9 /* hawkeyeTable.png in Resources */,
				71E166751ADDE6A00042D96A /* CarFont.ttf in Resources */,
				7169DEB11AE487E3006B34C9 /* beachPuck.png in Resources */,
				7169DEBC1AE487EB006B34C9 /* carPuck.png in Resources */,
				71E166641ADB38000042D96A /* Thumbs.db in Resources */,
				7107A2CD1AC398E300706EC8 /* airhockey.sqlite3 in Resources */,
				71E166691ADB3FEE0042D96A /* Snow.sks in Resources */,
				7169DE911AE40B2B006B34C9 /* Powerup.wav in Resources */,
				71008D581ACF97F1009B3444 /* GoalEmitter.sks in Resources */,
				7119B4BA1AD1063C002CA09B /* spacePuck.png in Resources */,
				714449C71AE1C39700535D3D /* MagnetPowerup.png in Resources */,
			);
			runOnlyForDeploymentPostprocessing = 0;
		};
		7107A2AC1AC398B600706EC8 /* Resources */ = {
			isa = PBXResourcesBuildPhase;
			buildActionMask = 2147483647;
			files = (
			);
			runOnlyForDeploymentPostprocessing = 0;
		};
/* End PBXResourcesBuildPhase section */

/* Begin PBXSourcesBuildPhase section */
		7107A2911AC398B600706EC8 /* Sources */ = {
			isa = PBXSourcesBuildPhase;
			buildActionMask = 2147483647;
			files = (
				7107A2EA1AC39F2E00706EC8 /* Users.swift in Sources */,
				7119B4CA1AD234A6002CA09B /* ThemeView.swift in Sources */,
				7115A5721ACB81DD0057A8B8 /* Geometry.swift in Sources */,
				71763AD81AE186D800155C15 /* SizeIncreasePowerup.swift in Sources */,
				71BB49821AC4D24F00898049 /* Constants.swift in Sources */,
				7131F54E1AD054CD00AABF5A /* EffectManager.swift in Sources */,
				71763AD41AE179BD00155C15 /* Powerup.swift in Sources */,
				714449C91AE1C3E500535D3D /* LightPowerup.swift in Sources */,
				7107A2ED1AC3A12A00706EC8 /* Util.swift in Sources */,
				7107A2C61AC398D600706EC8 /* DatabaseManager.swift in Sources */,
				716373B01ACB9E1200B1FF7D /* zPositions.swift in Sources */,
				7119B4BE1AD22257002CA09B /* BoardSelectionViewController.swift in Sources */,
				71A8756D1AC5C71F008EDBA9 /* Timer.swift in Sources */,
				7155B2B91ADF917000B71479 /* SystemSettingsViewController.swift in Sources */,
				717B00E51ACCD96A0049F3EC /* AIPlayer.swift in Sources */,
				9F627A081ADCABA000DDD0AB /* TwoPBaseView.swift in Sources */,
				710435B61AC74BB9003E9458 /* InputManager.swift in Sources */,
				7107A2C81AC398D600706EC8 /* Stats.swift in Sources */,
				71A875761AC5D115008EDBA9 /* Puck.swift in Sources */,
				7119B4C01AD222F7002CA09B /* Themes.swift in Sources */,
				71BB497F1AC4CE1C00898049 /* Settings.swift in Sources */,
				71E166821ADDEDE90042D96A /* MuteWidget.swift in Sources */,
				7107A29F1AC398B600706EC8 /* GameScene.swift in Sources */,
				71F0A1301AD75BF1003AEF5C /* SoundManager.swift in Sources */,
				7107A2A11AC398B600706EC8 /* GameViewController.swift in Sources */,
				717B00E21ACCD95A0049F3EC /* HumanPlayer.swift in Sources */,
				7107A29B1AC398B600706EC8 /* AppDelegate.swift in Sources */,
				710435B11AC7103B003E9458 /* Table.swift in Sources */,
				717B00D91ACC486B0049F3EC /* Button.swift in Sources */,
				7107A2C71AC398D600706EC8 /* SettingsProfile.swift in Sources */,
				9F627A011ADC9EFC00DDD0AB /* PlayerSelectViewController.swift in Sources */,
				7119B4DA1AD4B379002CA09B /* CustomEmitter.swift in Sources */,
				717B00E31ACCD95A0049F3EC /* Player.swift in Sources */,
				71A875781AC5D4AE008EDBA9 /* Paddle.swift in Sources */,
				71BB49841AC4D70200898049 /* Statistics.swift in Sources */,
				71008D511ACF8918009B3444 /* FittedLabelNode.swift in Sources */,
				7115A5711ACB81DD0057A8B8 /* GameTimer.swift in Sources */,
				7115A5741ACB81F10057A8B8 /* GameUtil.swift in Sources */,
				7169DE951AE41248006B34C9 /* VortexPowerup.swift in Sources */,
				7115A5761ACB88650057A8B8 /* Goal.swift in Sources */,
				71763AD61AE182DD00155C15 /* PowerupDelegate.swift in Sources */,
				7178D3601ADE00EC00834CC5 /* HomeViewController.swift in Sources */,
				71AE54141AD591E00024BC44 /* WinScreen.swift in Sources */,
				7131F5531AD0F33500AABF5A /* Theme.swift in Sources */,
				717B00DE1ACC5B4C0049F3EC /* TouchHandlerDelegate.swift in Sources */,
				7107A2C91AC398D600706EC8 /* User.swift in Sources */,
				714449C01AE1C35F00535D3D /* MagnetPowerup.swift in Sources */,
			);
			runOnlyForDeploymentPostprocessing = 0;
		};
		7107A2AA1AC398B600706EC8 /* Sources */ = {
			isa = PBXSourcesBuildPhase;
			buildActionMask = 2147483647;
			files = (
				7107A2B51AC398B600706EC8 /* AirHockeyProjectTests.swift in Sources */,
			);
			runOnlyForDeploymentPostprocessing = 0;
		};
/* End PBXSourcesBuildPhase section */

/* Begin PBXTargetDependency section */
		7107A2B01AC398B600706EC8 /* PBXTargetDependency */ = {
			isa = PBXTargetDependency;
			target = 7107A2941AC398B600706EC8 /* AirHockeyProject */;
			targetProxy = 7107A2AF1AC398B600706EC8 /* PBXContainerItemProxy */;
		};
		714449DE1AE1C4F100535D3D /* PBXTargetDependency */ = {
			isa = PBXTargetDependency;
			name = SQLite;
			targetProxy = 714449DD1AE1C4F100535D3D /* PBXContainerItemProxy */;
		};
/* End PBXTargetDependency section */

/* Begin PBXVariantGroup section */
		7107A2A21AC398B600706EC8 /* Main.storyboard */ = {
			isa = PBXVariantGroup;
			children = (
				7107A2A31AC398B600706EC8 /* Base */,
			);
			name = Main.storyboard;
			sourceTree = "<group>";
		};
		7107A2A71AC398B600706EC8 /* LaunchScreen.xib */ = {
			isa = PBXVariantGroup;
			children = (
				7107A2A81AC398B600706EC8 /* Base */,
			);
			name = LaunchScreen.xib;
			sourceTree = "<group>";
		};
/* End PBXVariantGroup section */

/* Begin XCBuildConfiguration section */
		7107A2B61AC398B600706EC8 /* Debug */ = {
			isa = XCBuildConfiguration;
			buildSettings = {
				ALWAYS_SEARCH_USER_PATHS = NO;
				CLANG_CXX_LANGUAGE_STANDARD = "gnu++0x";
				CLANG_CXX_LIBRARY = "libc++";
				CLANG_ENABLE_MODULES = YES;
				CLANG_ENABLE_OBJC_ARC = YES;
				CLANG_WARN_BOOL_CONVERSION = YES;
				CLANG_WARN_CONSTANT_CONVERSION = YES;
				CLANG_WARN_DIRECT_OBJC_ISA_USAGE = YES_ERROR;
				CLANG_WARN_EMPTY_BODY = YES;
				CLANG_WARN_ENUM_CONVERSION = YES;
				CLANG_WARN_INT_CONVERSION = YES;
				CLANG_WARN_OBJC_ROOT_CLASS = YES_ERROR;
				CLANG_WARN_UNREACHABLE_CODE = YES;
				CLANG_WARN__DUPLICATE_METHOD_MATCH = YES;
				CODE_SIGN_IDENTITY = "iPhone Developer: Laura Burns (GAY73U6BBQ)";
				"CODE_SIGN_IDENTITY[sdk=iphoneos*]" = "iPhone Developer: Laura Burns (GAY73U6BBQ)";
				COPY_PHASE_STRIP = NO;
				ENABLE_STRICT_OBJC_MSGSEND = YES;
				GCC_C_LANGUAGE_STANDARD = gnu99;
				GCC_DYNAMIC_NO_PIC = NO;
				GCC_OPTIMIZATION_LEVEL = 0;
				GCC_PREPROCESSOR_DEFINITIONS = (
					"DEBUG=1",
					"$(inherited)",
				);
				GCC_SYMBOLS_PRIVATE_EXTERN = NO;
				GCC_WARN_64_TO_32_BIT_CONVERSION = YES;
				GCC_WARN_ABOUT_RETURN_TYPE = YES_ERROR;
				GCC_WARN_UNDECLARED_SELECTOR = YES;
				GCC_WARN_UNINITIALIZED_AUTOS = YES_AGGRESSIVE;
				GCC_WARN_UNUSED_FUNCTION = YES;
				GCC_WARN_UNUSED_VARIABLE = YES;
				IPHONEOS_DEPLOYMENT_TARGET = 8.3;
				MTL_ENABLE_DEBUG_INFO = YES;
				ONLY_ACTIVE_ARCH = YES;
				PROVISIONING_PROFILE = "e29d9323-2623-4b24-9172-4bcf0a1382db";
				SDKROOT = iphoneos;
				SWIFT_OPTIMIZATION_LEVEL = "-Onone";
				TARGETED_DEVICE_FAMILY = 2;
			};
			name = Debug;
		};
		7107A2B71AC398B600706EC8 /* Release */ = {
			isa = XCBuildConfiguration;
			buildSettings = {
				ALWAYS_SEARCH_USER_PATHS = NO;
				CLANG_CXX_LANGUAGE_STANDARD = "gnu++0x";
				CLANG_CXX_LIBRARY = "libc++";
				CLANG_ENABLE_MODULES = YES;
				CLANG_ENABLE_OBJC_ARC = YES;
				CLANG_WARN_BOOL_CONVERSION = YES;
				CLANG_WARN_CONSTANT_CONVERSION = YES;
				CLANG_WARN_DIRECT_OBJC_ISA_USAGE = YES_ERROR;
				CLANG_WARN_EMPTY_BODY = YES;
				CLANG_WARN_ENUM_CONVERSION = YES;
				CLANG_WARN_INT_CONVERSION = YES;
				CLANG_WARN_OBJC_ROOT_CLASS = YES_ERROR;
				CLANG_WARN_UNREACHABLE_CODE = YES;
				CLANG_WARN__DUPLICATE_METHOD_MATCH = YES;
				CODE_SIGN_IDENTITY = "iPhone Developer: Laura Burns (GAY73U6BBQ)";
				"CODE_SIGN_IDENTITY[sdk=iphoneos*]" = "iPhone Developer: Laura Burns (GAY73U6BBQ)";
				COPY_PHASE_STRIP = YES;
				ENABLE_NS_ASSERTIONS = NO;
				ENABLE_STRICT_OBJC_MSGSEND = YES;
				GCC_C_LANGUAGE_STANDARD = gnu99;
				GCC_WARN_64_TO_32_BIT_CONVERSION = YES;
				GCC_WARN_ABOUT_RETURN_TYPE = YES_ERROR;
				GCC_WARN_UNDECLARED_SELECTOR = YES;
				GCC_WARN_UNINITIALIZED_AUTOS = YES_AGGRESSIVE;
				GCC_WARN_UNUSED_FUNCTION = YES;
				GCC_WARN_UNUSED_VARIABLE = YES;
				IPHONEOS_DEPLOYMENT_TARGET = 8.3;
				MTL_ENABLE_DEBUG_INFO = NO;
				PROVISIONING_PROFILE = "e29d9323-2623-4b24-9172-4bcf0a1382db";
				SDKROOT = iphoneos;
				TARGETED_DEVICE_FAMILY = 2;
				VALIDATE_PRODUCT = YES;
			};
			name = Release;
		};
		7107A2B91AC398B600706EC8 /* Debug */ = {
			isa = XCBuildConfiguration;
			buildSettings = {
				ASSETCATALOG_COMPILER_APPICON_NAME = AppIcon;
				CODE_SIGN_IDENTITY = "iPhone Developer: Laura Burns (GAY73U6BBQ)";
				EMBEDDED_CONTENT_CONTAINS_SWIFT = YES;
				FRAMEWORK_SEARCH_PATHS = "";
				INFOPLIST_FILE = AirHockeyProject/Info.plist;
				IPHONEOS_DEPLOYMENT_TARGET = 8.3;
				LD_RUNPATH_SEARCH_PATHS = "$(inherited) @executable_path/Frameworks";
				OTHER_SWIFT_FLAGS = "";
				PRODUCT_NAME = "Face Off";
				PROVISIONING_PROFILE = "e29d9323-2623-4b24-9172-4bcf0a1382db";
			};
			name = Debug;
		};
		7107A2BA1AC398B600706EC8 /* Release */ = {
			isa = XCBuildConfiguration;
			buildSettings = {
				ASSETCATALOG_COMPILER_APPICON_NAME = AppIcon;
				CODE_SIGN_IDENTITY = "iPhone Developer: Laura Burns (GAY73U6BBQ)";
				EMBEDDED_CONTENT_CONTAINS_SWIFT = YES;
				FRAMEWORK_SEARCH_PATHS = "";
				INFOPLIST_FILE = AirHockeyProject/Info.plist;
				IPHONEOS_DEPLOYMENT_TARGET = 8.3;
				LD_RUNPATH_SEARCH_PATHS = "$(inherited) @executable_path/Frameworks";
				OTHER_SWIFT_FLAGS = "";
				PRODUCT_NAME = "Face Off";
				PROVISIONING_PROFILE = "e29d9323-2623-4b24-9172-4bcf0a1382db";
			};
			name = Release;
		};
		7107A2BC1AC398B600706EC8 /* Debug */ = {
			isa = XCBuildConfiguration;
			buildSettings = {
				BUNDLE_LOADER = "$(TEST_HOST)";
				FRAMEWORK_SEARCH_PATHS = (
					"$(SDKROOT)/Developer/Library/Frameworks",
					"$(inherited)",
				);
				GCC_PREPROCESSOR_DEFINITIONS = (
					"DEBUG=1",
					"$(inherited)",
				);
				INFOPLIST_FILE = AirHockeyProjectTests/Info.plist;
				LD_RUNPATH_SEARCH_PATHS = "$(inherited) @executable_path/Frameworks @loader_path/Frameworks";
				PRODUCT_NAME = "$(TARGET_NAME)";
				TEST_HOST = "$(BUILT_PRODUCTS_DIR)/AirHockeyProject.app/AirHockeyProject";
			};
			name = Debug;
		};
		7107A2BD1AC398B600706EC8 /* Release */ = {
			isa = XCBuildConfiguration;
			buildSettings = {
				BUNDLE_LOADER = "$(TEST_HOST)";
				FRAMEWORK_SEARCH_PATHS = (
					"$(SDKROOT)/Developer/Library/Frameworks",
					"$(inherited)",
				);
				INFOPLIST_FILE = AirHockeyProjectTests/Info.plist;
				LD_RUNPATH_SEARCH_PATHS = "$(inherited) @executable_path/Frameworks @loader_path/Frameworks";
				PRODUCT_NAME = "$(TARGET_NAME)";
				TEST_HOST = "$(BUILT_PRODUCTS_DIR)/AirHockeyProject.app/AirHockeyProject";
			};
			name = Release;
		};
/* End XCBuildConfiguration section */

/* Begin XCConfigurationList section */
		7107A2901AC398B600706EC8 /* Build configuration list for PBXProject "AirHockeyProject" */ = {
			isa = XCConfigurationList;
			buildConfigurations = (
				7107A2B61AC398B600706EC8 /* Debug */,
				7107A2B71AC398B600706EC8 /* Release */,
			);
			defaultConfigurationIsVisible = 0;
			defaultConfigurationName = Release;
		};
		7107A2B81AC398B600706EC8 /* Build configuration list for PBXNativeTarget "AirHockeyProject" */ = {
			isa = XCConfigurationList;
			buildConfigurations = (
				7107A2B91AC398B600706EC8 /* Debug */,
				7107A2BA1AC398B600706EC8 /* Release */,
			);
			defaultConfigurationIsVisible = 0;
			defaultConfigurationName = Release;
		};
		7107A2BB1AC398B600706EC8 /* Build configuration list for PBXNativeTarget "AirHockeyProjectTests" */ = {
			isa = XCConfigurationList;
			buildConfigurations = (
				7107A2BC1AC398B600706EC8 /* Debug */,
				7107A2BD1AC398B600706EC8 /* Release */,
			);
			defaultConfigurationIsVisible = 0;
			defaultConfigurationName = Release;
		};
/* End XCConfigurationList section */
	};
	rootObject = 7107A28D1AC398B600706EC8 /* Project object */;
}
